// !$*UTF8*$!
{
	archiveVersion = 1;
	classes = {
	};
	objectVersion = 60;
	objects = {

/* Begin PBXBuildFile section */
		0363C1A42C3F60CD00D7AD86 /* iBrailleApp.swift in Sources */ = {isa = PBXBuildFile; fileRef = 0363C1A32C3F60CD00D7AD86 /* iBrailleApp.swift */; };
		0363C1A62C3F60CD00D7AD86 /* ContentView.swift in Sources */ = {isa = PBXBuildFile; fileRef = 0363C1A52C3F60CD00D7AD86 /* ContentView.swift */; };
		0363C1A82C3F60CD00D7AD86 /* Assets.xcassets in Resources */ = {isa = PBXBuildFile; fileRef = 0363C1A72C3F60CD00D7AD86 /* Assets.xcassets */; };
		0363C1AB2C3F60CD00D7AD86 /* Preview Assets.xcassets in Resources */ = {isa = PBXBuildFile; fileRef = 0363C1AA2C3F60CD00D7AD86 /* Preview Assets.xcassets */; };
		0363C1B52C3F646200D7AD86 /* Braille.json in Resources */ = {isa = PBXBuildFile; fileRef = 0363C1B42C3F646200D7AD86 /* Braille.json */; };
		0363C1B92C3F6B3F00D7AD86 /* JSONHelper.swift in Sources */ = {isa = PBXBuildFile; fileRef = 0363C1B82C3F6B3F00D7AD86 /* JSONHelper.swift */; };
		0363C1BB2C3F6B9300D7AD86 /* Bundle+DecodeJSON.swift in Sources */ = {isa = PBXBuildFile; fileRef = 0363C1BA2C3F6B9300D7AD86 /* Bundle+DecodeJSON.swift */; };
		0363C1BE2C3F725F00D7AD86 /* BrailleDictionary.swift in Sources */ = {isa = PBXBuildFile; fileRef = 0363C1BD2C3F725F00D7AD86 /* BrailleDictionary.swift */; };
		0363C1C02C3F72F500D7AD86 /* BrailleDictionaryEntry.swift in Sources */ = {isa = PBXBuildFile; fileRef = 0363C1BF2C3F72F500D7AD86 /* BrailleDictionaryEntry.swift */; };
		0363C1C42C3FCABE00D7AD86 /* BrailleCell.swift in Sources */ = {isa = PBXBuildFile; fileRef = 0363C1C32C3FCABE00D7AD86 /* BrailleCell.swift */; };
		0363C1C62C3FCB7300D7AD86 /* Dot.swift in Sources */ = {isa = PBXBuildFile; fileRef = 0363C1C52C3FCB7300D7AD86 /* Dot.swift */; };
		0363C1C92C40122800D7AD86 /* BrailleAlphabetScreen.swift in Sources */ = {isa = PBXBuildFile; fileRef = 0363C1C82C40122800D7AD86 /* BrailleAlphabetScreen.swift */; };
		0363C1CE2C4033DB00D7AD86 /* BrailleAlphabetList.swift in Sources */ = {isa = PBXBuildFile; fileRef = 0363C1CD2C4033DB00D7AD86 /* BrailleAlphabetList.swift */; };
		0363C1D02C40341300D7AD86 /* BrailleAlphabetListCell.swift in Sources */ = {isa = PBXBuildFile; fileRef = 0363C1CF2C40341300D7AD86 /* BrailleAlphabetListCell.swift */; };
		0363C1D42C409DB300D7AD86 /* BrailleNumbersListCell.swift in Sources */ = {isa = PBXBuildFile; fileRef = 0363C1D32C409DB300D7AD86 /* BrailleNumbersListCell.swift */; };
		0363C1D62C409E9500D7AD86 /* BrailleNumbersList.swift in Sources */ = {isa = PBXBuildFile; fileRef = 0363C1D52C409E9500D7AD86 /* BrailleNumbersList.swift */; };
		0363C1D82C409FF000D7AD86 /* BrailleNumbersScreen.swift in Sources */ = {isa = PBXBuildFile; fileRef = 0363C1D72C409FF000D7AD86 /* BrailleNumbersScreen.swift */; };
		0363C1DB2C40AAB400D7AD86 /* GradeTwoBrailleListCell.swift in Sources */ = {isa = PBXBuildFile; fileRef = 0363C1DA2C40AAB400D7AD86 /* GradeTwoBrailleListCell.swift */; };
		0363C1DE2C40AE2F00D7AD86 /* BrailleContractionsScreen.swift in Sources */ = {isa = PBXBuildFile; fileRef = 0363C1DD2C40AE2F00D7AD86 /* BrailleContractionsScreen.swift */; };
		0363C1DF2C40AE2F00D7AD86 /* BrailleContractionsList.swift in Sources */ = {isa = PBXBuildFile; fileRef = 0363C1DC2C40AE2F00D7AD86 /* BrailleContractionsList.swift */; };
		03E52F4F2C418A9F0016BAF6 /* BrailleShortFormWordsList.swift in Sources */ = {isa = PBXBuildFile; fileRef = 03E52F4D2C418A9F0016BAF6 /* BrailleShortFormWordsList.swift */; };
		03E52F502C418A9F0016BAF6 /* BrailleShortFormWordsScreen.swift in Sources */ = {isa = PBXBuildFile; fileRef = 03E52F4E2C418A9F0016BAF6 /* BrailleShortFormWordsScreen.swift */; };
/* End PBXBuildFile section */

/* Begin PBXFileReference section */
		0363C1A02C3F60CD00D7AD86 /* iBraille.app */ = {isa = PBXFileReference; explicitFileType = wrapper.application; includeInIndex = 0; path = iBraille.app; sourceTree = BUILT_PRODUCTS_DIR; };
		0363C1A32C3F60CD00D7AD86 /* iBrailleApp.swift */ = {isa = PBXFileReference; lastKnownFileType = sourcecode.swift; path = iBrailleApp.swift; sourceTree = "<group>"; };
		0363C1A52C3F60CD00D7AD86 /* ContentView.swift */ = {isa = PBXFileReference; lastKnownFileType = sourcecode.swift; path = ContentView.swift; sourceTree = "<group>"; };
		0363C1A72C3F60CD00D7AD86 /* Assets.xcassets */ = {isa = PBXFileReference; lastKnownFileType = folder.assetcatalog; path = Assets.xcassets; sourceTree = "<group>"; };
		0363C1AA2C3F60CD00D7AD86 /* Preview Assets.xcassets */ = {isa = PBXFileReference; lastKnownFileType = folder.assetcatalog; path = "Preview Assets.xcassets"; sourceTree = "<group>"; };
		0363C1B12C3F611F00D7AD86 /* iBraille.entitlements */ = {isa = PBXFileReference; lastKnownFileType = text.plist.entitlements; path = iBraille.entitlements; sourceTree = "<group>"; };
		0363C1B42C3F646200D7AD86 /* Braille.json */ = {isa = PBXFileReference; lastKnownFileType = text.json; path = Braille.json; sourceTree = "<group>"; };
		0363C1B82C3F6B3F00D7AD86 /* JSONHelper.swift */ = {isa = PBXFileReference; lastKnownFileType = sourcecode.swift; path = JSONHelper.swift; sourceTree = "<group>"; };
		0363C1BA2C3F6B9300D7AD86 /* Bundle+DecodeJSON.swift */ = {isa = PBXFileReference; lastKnownFileType = sourcecode.swift; path = "Bundle+DecodeJSON.swift"; sourceTree = "<group>"; };
		0363C1BD2C3F725F00D7AD86 /* BrailleDictionary.swift */ = {isa = PBXFileReference; lastKnownFileType = sourcecode.swift; path = BrailleDictionary.swift; sourceTree = "<group>"; };
		0363C1BF2C3F72F500D7AD86 /* BrailleDictionaryEntry.swift */ = {isa = PBXFileReference; lastKnownFileType = sourcecode.swift; path = BrailleDictionaryEntry.swift; sourceTree = "<group>"; };
		0363C1C32C3FCABE00D7AD86 /* BrailleCell.swift */ = {isa = PBXFileReference; lastKnownFileType = sourcecode.swift; path = BrailleCell.swift; sourceTree = "<group>"; };
		0363C1C52C3FCB7300D7AD86 /* Dot.swift */ = {isa = PBXFileReference; lastKnownFileType = sourcecode.swift; path = Dot.swift; sourceTree = "<group>"; };
		0363C1C82C40122800D7AD86 /* BrailleAlphabetScreen.swift */ = {isa = PBXFileReference; lastKnownFileType = sourcecode.swift; path = BrailleAlphabetScreen.swift; sourceTree = "<group>"; };
		0363C1CD2C4033DB00D7AD86 /* BrailleAlphabetList.swift */ = {isa = PBXFileReference; lastKnownFileType = sourcecode.swift; path = BrailleAlphabetList.swift; sourceTree = "<group>"; };
		0363C1CF2C40341300D7AD86 /* BrailleAlphabetListCell.swift */ = {isa = PBXFileReference; lastKnownFileType = sourcecode.swift; path = BrailleAlphabetListCell.swift; sourceTree = "<group>"; };
		0363C1D32C409DB300D7AD86 /* BrailleNumbersListCell.swift */ = {isa = PBXFileReference; lastKnownFileType = sourcecode.swift; path = BrailleNumbersListCell.swift; sourceTree = "<group>"; };
		0363C1D52C409E9500D7AD86 /* BrailleNumbersList.swift */ = {isa = PBXFileReference; lastKnownFileType = sourcecode.swift; path = BrailleNumbersList.swift; sourceTree = "<group>"; };
		0363C1D72C409FF000D7AD86 /* BrailleNumbersScreen.swift */ = {isa = PBXFileReference; lastKnownFileType = sourcecode.swift; path = BrailleNumbersScreen.swift; sourceTree = "<group>"; };
		0363C1DA2C40AAB400D7AD86 /* GradeTwoBrailleListCell.swift */ = {isa = PBXFileReference; lastKnownFileType = sourcecode.swift; path = GradeTwoBrailleListCell.swift; sourceTree = "<group>"; };
		0363C1DC2C40AE2F00D7AD86 /* BrailleContractionsList.swift */ = {isa = PBXFileReference; lastKnownFileType = sourcecode.swift; path = BrailleContractionsList.swift; sourceTree = "<group>"; };
		0363C1DD2C40AE2F00D7AD86 /* BrailleContractionsScreen.swift */ = {isa = PBXFileReference; lastKnownFileType = sourcecode.swift; path = BrailleContractionsScreen.swift; sourceTree = "<group>"; };
		03E52F4D2C418A9F0016BAF6 /* BrailleShortFormWordsList.swift */ = {isa = PBXFileReference; lastKnownFileType = sourcecode.swift; path = BrailleShortFormWordsList.swift; sourceTree = "<group>"; };
		03E52F4E2C418A9F0016BAF6 /* BrailleShortFormWordsScreen.swift */ = {isa = PBXFileReference; lastKnownFileType = sourcecode.swift; path = BrailleShortFormWordsScreen.swift; sourceTree = "<group>"; };
/* End PBXFileReference section */

/* Begin PBXFrameworksBuildPhase section */
		0363C19D2C3F60CD00D7AD86 /* Frameworks */ = {
			isa = PBXFrameworksBuildPhase;
			buildActionMask = 2147483647;
			files = (
			);
			runOnlyForDeploymentPostprocessing = 0;
		};
/* End PBXFrameworksBuildPhase section */

/* Begin PBXGroup section */
		0363C1972C3F60CD00D7AD86 = {
			isa = PBXGroup;
			children = (
				0363C1A22C3F60CD00D7AD86 /* iBraille */,
				0363C1A12C3F60CD00D7AD86 /* Products */,
			);
			sourceTree = "<group>";
		};
		0363C1A12C3F60CD00D7AD86 /* Products */ = {
			isa = PBXGroup;
			children = (
				0363C1A02C3F60CD00D7AD86 /* iBraille.app */,
			);
			name = Products;
			sourceTree = "<group>";
		};
		0363C1A22C3F60CD00D7AD86 /* iBraille */ = {
			isa = PBXGroup;
			children = (
				0363C1C72C4011D700D7AD86 /* Screens */,
				0363C1C12C3FCA6E00D7AD86 /* Views */,
				0363C1BC2C3F722B00D7AD86 /* Models */,
				0363C1B42C3F646200D7AD86 /* Braille.json */,
				0363C1B12C3F611F00D7AD86 /* iBraille.entitlements */,
				0363C1A32C3F60CD00D7AD86 /* iBrailleApp.swift */,
				0363C1A52C3F60CD00D7AD86 /* ContentView.swift */,
				0363C1A72C3F60CD00D7AD86 /* Assets.xcassets */,
				0363C1A92C3F60CD00D7AD86 /* Preview Content */,
				0363C1B82C3F6B3F00D7AD86 /* JSONHelper.swift */,
				0363C1BA2C3F6B9300D7AD86 /* Bundle+DecodeJSON.swift */,
			);
			path = iBraille;
			sourceTree = "<group>";
		};
		0363C1A92C3F60CD00D7AD86 /* Preview Content */ = {
			isa = PBXGroup;
			children = (
				0363C1AA2C3F60CD00D7AD86 /* Preview Assets.xcassets */,
			);
			path = "Preview Content";
			sourceTree = "<group>";
		};
		0363C1BC2C3F722B00D7AD86 /* Models */ = {
			isa = PBXGroup;
			children = (
				0363C1BD2C3F725F00D7AD86 /* BrailleDictionary.swift */,
				0363C1BF2C3F72F500D7AD86 /* BrailleDictionaryEntry.swift */,
			);
			path = Models;
			sourceTree = "<group>";
		};
		0363C1C12C3FCA6E00D7AD86 /* Views */ = {
			isa = PBXGroup;
			children = (
				0363C1C22C3FCA9000D7AD86 /* Braille */,
				0363C1DA2C40AAB400D7AD86 /* GradeTwoBrailleListCell.swift */,
			);
			path = Views;
			sourceTree = "<group>";
		};
		0363C1C22C3FCA9000D7AD86 /* Braille */ = {
			isa = PBXGroup;
			children = (
				0363C1C32C3FCABE00D7AD86 /* BrailleCell.swift */,
				0363C1C52C3FCB7300D7AD86 /* Dot.swift */,
			);
			path = Braille;
			sourceTree = "<group>";
		};
		0363C1C72C4011D700D7AD86 /* Screens */ = {
			isa = PBXGroup;
			children = (
				03E52F4C2C418A860016BAF6 /* ShortFormWords */,
				0363C1D92C40AA4800D7AD86 /* Contractions */,
				0363C1D22C409D4E00D7AD86 /* Numbers */,
				0363C1D12C409D2000D7AD86 /* Alphabet */,
			);
			path = Screens;
			sourceTree = "<group>";
		};
		0363C1D12C409D2000D7AD86 /* Alphabet */ = {
			isa = PBXGroup;
			children = (
				0363C1C82C40122800D7AD86 /* BrailleAlphabetScreen.swift */,
				0363C1CD2C4033DB00D7AD86 /* BrailleAlphabetList.swift */,
				0363C1CF2C40341300D7AD86 /* BrailleAlphabetListCell.swift */,
			);
			path = Alphabet;
			sourceTree = "<group>";
		};
		0363C1D22C409D4E00D7AD86 /* Numbers */ = {
			isa = PBXGroup;
			children = (
				0363C1D32C409DB300D7AD86 /* BrailleNumbersListCell.swift */,
				0363C1D52C409E9500D7AD86 /* BrailleNumbersList.swift */,
				0363C1D72C409FF000D7AD86 /* BrailleNumbersScreen.swift */,
			);
			path = Numbers;
			sourceTree = "<group>";
		};
		0363C1D92C40AA4800D7AD86 /* Contractions */ = {
			isa = PBXGroup;
			children = (
				0363C1DC2C40AE2F00D7AD86 /* BrailleContractionsList.swift */,
				0363C1DD2C40AE2F00D7AD86 /* BrailleContractionsScreen.swift */,
			);
			path = Contractions;
			sourceTree = "<group>";
		};
		03E52F4C2C418A860016BAF6 /* ShortFormWords */ = {
			isa = PBXGroup;
			children = (
				03E52F4D2C418A9F0016BAF6 /* BrailleShortFormWordsList.swift */,
				03E52F4E2C418A9F0016BAF6 /* BrailleShortFormWordsScreen.swift */,
			);
			path = ShortFormWords;
			sourceTree = "<group>";
		};
/* End PBXGroup section */

/* Begin PBXNativeTarget section */
		0363C19F2C3F60CD00D7AD86 /* iBraille */ = {
			isa = PBXNativeTarget;
			buildConfigurationList = 0363C1AE2C3F60CD00D7AD86 /* Build configuration list for PBXNativeTarget "iBraille" */;
			buildPhases = (
				0363C19C2C3F60CD00D7AD86 /* Sources */,
				0363C19D2C3F60CD00D7AD86 /* Frameworks */,
				0363C19E2C3F60CD00D7AD86 /* Resources */,
			);
			buildRules = (
			);
			dependencies = (
			);
			name = iBraille;
			productName = iBraille;
			productReference = 0363C1A02C3F60CD00D7AD86 /* iBraille.app */;
			productType = "com.apple.product-type.application";
		};
/* End PBXNativeTarget section */

/* Begin PBXProject section */
		0363C1982C3F60CD00D7AD86 /* Project object */ = {
			isa = PBXProject;
			attributes = {
				BuildIndependentTargetsInParallel = 1;
				LastSwiftUpdateCheck = 1600;
				LastUpgradeCheck = 1600;
				TargetAttributes = {
					0363C19F2C3F60CD00D7AD86 = {
						CreatedOnToolsVersion = 16.0;
					};
				};
			};
			buildConfigurationList = 0363C19B2C3F60CD00D7AD86 /* Build configuration list for PBXProject "iBraille" */;
			compatibilityVersion = "Xcode 15.0";
			developmentRegion = en;
			hasScannedForEncodings = 0;
			knownRegions = (
				en,
				Base,
			);
			mainGroup = 0363C1972C3F60CD00D7AD86;
			productRefGroup = 0363C1A12C3F60CD00D7AD86 /* Products */;
			projectDirPath = "";
			projectRoot = "";
			targets = (
				0363C19F2C3F60CD00D7AD86 /* iBraille */,
			);
		};
/* End PBXProject section */

/* Begin PBXResourcesBuildPhase section */
		0363C19E2C3F60CD00D7AD86 /* Resources */ = {
			isa = PBXResourcesBuildPhase;
			buildActionMask = 2147483647;
			files = (
				0363C1AB2C3F60CD00D7AD86 /* Preview Assets.xcassets in Resources */,
				0363C1A82C3F60CD00D7AD86 /* Assets.xcassets in Resources */,
				0363C1B52C3F646200D7AD86 /* Braille.json in Resources */,
			);
			runOnlyForDeploymentPostprocessing = 0;
		};
/* End PBXResourcesBuildPhase section */

/* Begin PBXSourcesBuildPhase section */
		0363C19C2C3F60CD00D7AD86 /* Sources */ = {
			isa = PBXSourcesBuildPhase;
			buildActionMask = 2147483647;
			files = (
				0363C1DB2C40AAB400D7AD86 /* GradeTwoBrailleListCell.swift in Sources */,
				0363C1C02C3F72F500D7AD86 /* BrailleDictionaryEntry.swift in Sources */,
				0363C1DE2C40AE2F00D7AD86 /* BrailleContractionsScreen.swift in Sources */,
				0363C1DF2C40AE2F00D7AD86 /* BrailleContractionsList.swift in Sources */,
				0363C1C42C3FCABE00D7AD86 /* BrailleCell.swift in Sources */,
				0363C1CE2C4033DB00D7AD86 /* BrailleAlphabetList.swift in Sources */,
				0363C1D62C409E9500D7AD86 /* BrailleNumbersList.swift in Sources */,
				0363C1B92C3F6B3F00D7AD86 /* JSONHelper.swift in Sources */,
				0363C1C62C3FCB7300D7AD86 /* Dot.swift in Sources */,
				0363C1BE2C3F725F00D7AD86 /* BrailleDictionary.swift in Sources */,
				0363C1D42C409DB300D7AD86 /* BrailleNumbersListCell.swift in Sources */,
				0363C1BB2C3F6B9300D7AD86 /* Bundle+DecodeJSON.swift in Sources */,
				0363C1A62C3F60CD00D7AD86 /* ContentView.swift in Sources */,
				0363C1C92C40122800D7AD86 /* BrailleAlphabetScreen.swift in Sources */,
				0363C1D02C40341300D7AD86 /* BrailleAlphabetListCell.swift in Sources */,
				0363C1D82C409FF000D7AD86 /* BrailleNumbersScreen.swift in Sources */,
				03E52F4F2C418A9F0016BAF6 /* BrailleShortFormWordsList.swift in Sources */,
				03E52F502C418A9F0016BAF6 /* BrailleShortFormWordsScreen.swift in Sources */,
				0363C1A42C3F60CD00D7AD86 /* iBrailleApp.swift in Sources */,
			);
			runOnlyForDeploymentPostprocessing = 0;
		};
/* End PBXSourcesBuildPhase section */

/* Begin XCBuildConfiguration section */
		0363C1AC2C3F60CD00D7AD86 /* Debug */ = {
			isa = XCBuildConfiguration;
			buildSettings = {
				ALWAYS_SEARCH_USER_PATHS = NO;
				ASSETCATALOG_COMPILER_GENERATE_SWIFT_ASSET_SYMBOL_EXTENSIONS = YES;
				CLANG_ANALYZER_NONNULL = YES;
				CLANG_ANALYZER_NUMBER_OBJECT_CONVERSION = YES_AGGRESSIVE;
				CLANG_CXX_LANGUAGE_STANDARD = "gnu++20";
				CLANG_ENABLE_MODULES = YES;
				CLANG_ENABLE_OBJC_ARC = YES;
				CLANG_ENABLE_OBJC_WEAK = YES;
				CLANG_WARN_BLOCK_CAPTURE_AUTORELEASING = YES;
				CLANG_WARN_BOOL_CONVERSION = YES;
				CLANG_WARN_COMMA = YES;
				CLANG_WARN_CONSTANT_CONVERSION = YES;
				CLANG_WARN_DEPRECATED_OBJC_IMPLEMENTATIONS = YES;
				CLANG_WARN_DIRECT_OBJC_ISA_USAGE = YES_ERROR;
				CLANG_WARN_DOCUMENTATION_COMMENTS = YES;
				CLANG_WARN_EMPTY_BODY = YES;
				CLANG_WARN_ENUM_CONVERSION = YES;
				CLANG_WARN_INFINITE_RECURSION = YES;
				CLANG_WARN_INT_CONVERSION = YES;
				CLANG_WARN_NON_LITERAL_NULL_CONVERSION = YES;
				CLANG_WARN_OBJC_IMPLICIT_RETAIN_SELF = YES;
				CLANG_WARN_OBJC_LITERAL_CONVERSION = YES;
				CLANG_WARN_OBJC_ROOT_CLASS = YES_ERROR;
				CLANG_WARN_QUOTED_INCLUDE_IN_FRAMEWORK_HEADER = YES;
				CLANG_WARN_RANGE_LOOP_ANALYSIS = YES;
				CLANG_WARN_STRICT_PROTOTYPES = YES;
				CLANG_WARN_SUSPICIOUS_MOVE = YES;
				CLANG_WARN_UNGUARDED_AVAILABILITY = YES_AGGRESSIVE;
				CLANG_WARN_UNREACHABLE_CODE = YES;
				CLANG_WARN__DUPLICATE_METHOD_MATCH = YES;
				COPY_PHASE_STRIP = NO;
				DEBUG_INFORMATION_FORMAT = dwarf;
				ENABLE_STRICT_OBJC_MSGSEND = YES;
				ENABLE_TESTABILITY = YES;
				ENABLE_USER_SCRIPT_SANDBOXING = YES;
				GCC_C_LANGUAGE_STANDARD = gnu17;
				GCC_DYNAMIC_NO_PIC = NO;
				GCC_NO_COMMON_BLOCKS = YES;
				GCC_OPTIMIZATION_LEVEL = 0;
				GCC_PREPROCESSOR_DEFINITIONS = (
					"DEBUG=1",
					"$(inherited)",
				);
				GCC_WARN_64_TO_32_BIT_CONVERSION = YES;
				GCC_WARN_ABOUT_RETURN_TYPE = YES_ERROR;
				GCC_WARN_UNDECLARED_SELECTOR = YES;
				GCC_WARN_UNINITIALIZED_AUTOS = YES_AGGRESSIVE;
				GCC_WARN_UNUSED_FUNCTION = YES;
				GCC_WARN_UNUSED_VARIABLE = YES;
				IPHONEOS_DEPLOYMENT_TARGET = 18.0;
				LOCALIZATION_PREFERS_STRING_CATALOGS = YES;
				MTL_ENABLE_DEBUG_INFO = INCLUDE_SOURCE;
				MTL_FAST_MATH = YES;
				ONLY_ACTIVE_ARCH = YES;
				SDKROOT = iphoneos;
				SWIFT_ACTIVE_COMPILATION_CONDITIONS = "DEBUG $(inherited)";
				SWIFT_OPTIMIZATION_LEVEL = "-Onone";
			};
			name = Debug;
		};
		0363C1AD2C3F60CD00D7AD86 /* Release */ = {
			isa = XCBuildConfiguration;
			buildSettings = {
				ALWAYS_SEARCH_USER_PATHS = NO;
				ASSETCATALOG_COMPILER_GENERATE_SWIFT_ASSET_SYMBOL_EXTENSIONS = YES;
				CLANG_ANALYZER_NONNULL = YES;
				CLANG_ANALYZER_NUMBER_OBJECT_CONVERSION = YES_AGGRESSIVE;
				CLANG_CXX_LANGUAGE_STANDARD = "gnu++20";
				CLANG_ENABLE_MODULES = YES;
				CLANG_ENABLE_OBJC_ARC = YES;
				CLANG_ENABLE_OBJC_WEAK = YES;
				CLANG_WARN_BLOCK_CAPTURE_AUTORELEASING = YES;
				CLANG_WARN_BOOL_CONVERSION = YES;
				CLANG_WARN_COMMA = YES;
				CLANG_WARN_CONSTANT_CONVERSION = YES;
				CLANG_WARN_DEPRECATED_OBJC_IMPLEMENTATIONS = YES;
				CLANG_WARN_DIRECT_OBJC_ISA_USAGE = YES_ERROR;
				CLANG_WARN_DOCUMENTATION_COMMENTS = YES;
				CLANG_WARN_EMPTY_BODY = YES;
				CLANG_WARN_ENUM_CONVERSION = YES;
				CLANG_WARN_INFINITE_RECURSION = YES;
				CLANG_WARN_INT_CONVERSION = YES;
				CLANG_WARN_NON_LITERAL_NULL_CONVERSION = YES;
				CLANG_WARN_OBJC_IMPLICIT_RETAIN_SELF = YES;
				CLANG_WARN_OBJC_LITERAL_CONVERSION = YES;
				CLANG_WARN_OBJC_ROOT_CLASS = YES_ERROR;
				CLANG_WARN_QUOTED_INCLUDE_IN_FRAMEWORK_HEADER = YES;
				CLANG_WARN_RANGE_LOOP_ANALYSIS = YES;
				CLANG_WARN_STRICT_PROTOTYPES = YES;
				CLANG_WARN_SUSPICIOUS_MOVE = YES;
				CLANG_WARN_UNGUARDED_AVAILABILITY = YES_AGGRESSIVE;
				CLANG_WARN_UNREACHABLE_CODE = YES;
				CLANG_WARN__DUPLICATE_METHOD_MATCH = YES;
				COPY_PHASE_STRIP = NO;
				DEBUG_INFORMATION_FORMAT = "dwarf-with-dsym";
				ENABLE_NS_ASSERTIONS = NO;
				ENABLE_STRICT_OBJC_MSGSEND = YES;
				ENABLE_USER_SCRIPT_SANDBOXING = YES;
				GCC_C_LANGUAGE_STANDARD = gnu17;
				GCC_NO_COMMON_BLOCKS = YES;
				GCC_WARN_64_TO_32_BIT_CONVERSION = YES;
				GCC_WARN_ABOUT_RETURN_TYPE = YES_ERROR;
				GCC_WARN_UNDECLARED_SELECTOR = YES;
				GCC_WARN_UNINITIALIZED_AUTOS = YES_AGGRESSIVE;
				GCC_WARN_UNUSED_FUNCTION = YES;
				GCC_WARN_UNUSED_VARIABLE = YES;
				IPHONEOS_DEPLOYMENT_TARGET = 18.0;
				LOCALIZATION_PREFERS_STRING_CATALOGS = YES;
				MTL_ENABLE_DEBUG_INFO = NO;
				MTL_FAST_MATH = YES;
				SDKROOT = iphoneos;
				SWIFT_COMPILATION_MODE = wholemodule;
				VALIDATE_PRODUCT = YES;
			};
			name = Release;
		};
		0363C1AF2C3F60CD00D7AD86 /* Debug */ = {
			isa = XCBuildConfiguration;
			buildSettings = {
				ASSETCATALOG_COMPILER_APPICON_NAME = AppIcon;
				ASSETCATALOG_COMPILER_GLOBAL_ACCENT_COLOR_NAME = AccentColor;
				CODE_SIGN_ENTITLEMENTS = iBraille/iBraille.entitlements;
				CODE_SIGN_STYLE = Automatic;
				CURRENT_PROJECT_VERSION = 1;
				DEVELOPMENT_ASSET_PATHS = "\"iBraille/Preview Content\"";
				DEVELOPMENT_TEAM = B3NH98QL9A;
				ENABLE_PREVIEWS = YES;
				GENERATE_INFOPLIST_FILE = YES;
				INFOPLIST_KEY_UIApplicationSceneManifest_Generation = YES;
				INFOPLIST_KEY_UIApplicationSupportsIndirectInputEvents = YES;
				INFOPLIST_KEY_UILaunchScreen_Generation = YES;
				INFOPLIST_KEY_UISupportedInterfaceOrientations_iPad = "UIInterfaceOrientationPortrait UIInterfaceOrientationPortraitUpsideDown UIInterfaceOrientationLandscapeLeft UIInterfaceOrientationLandscapeRight";
				INFOPLIST_KEY_UISupportedInterfaceOrientations_iPhone = "UIInterfaceOrientationPortrait UIInterfaceOrientationLandscapeLeft UIInterfaceOrientationLandscapeRight";
				IPHONEOS_DEPLOYMENT_TARGET = 17.5;
				LD_RUNPATH_SEARCH_PATHS = (
					"$(inherited)",
					"@executable_path/Frameworks",
				);
				MARKETING_VERSION = 1.0;
				PRODUCT_BUNDLE_IDENTIFIER = com.joshrootdev.iBraille;
				PRODUCT_NAME = "$(TARGET_NAME)";
				SUPPORTED_PLATFORMS = "iphoneos iphonesimulator xros xrsimulator";
				SUPPORTS_MACCATALYST = YES;
				SUPPORTS_MAC_DESIGNED_FOR_IPHONE_IPAD = NO;
				SUPPORTS_XR_DESIGNED_FOR_IPHONE_IPAD = NO;
				SWIFT_EMIT_LOC_STRINGS = YES;
				SWIFT_VERSION = 5.0;
				TARGETED_DEVICE_FAMILY = "1,2,6,7";
				XROS_DEPLOYMENT_TARGET = 1.0;
			};
			name = Debug;
		};
		0363C1B02C3F60CD00D7AD86 /* Release */ = {
			isa = XCBuildConfiguration;
			buildSettings = {
				ASSETCATALOG_COMPILER_APPICON_NAME = AppIcon;
				ASSETCATALOG_COMPILER_GLOBAL_ACCENT_COLOR_NAME = AccentColor;
				CODE_SIGN_ENTITLEMENTS = iBraille/iBraille.entitlements;
				CODE_SIGN_STYLE = Automatic;
				CURRENT_PROJECT_VERSION = 1;
				DEVELOPMENT_ASSET_PATHS = "\"iBraille/Preview Content\"";
				DEVELOPMENT_TEAM = B3NH98QL9A;
				ENABLE_PREVIEWS = YES;
				GENERATE_INFOPLIST_FILE = YES;
				INFOPLIST_KEY_UIApplicationSceneManifest_Generation = YES;
				INFOPLIST_KEY_UIApplicationSupportsIndirectInputEvents = YES;
				INFOPLIST_KEY_UILaunchScreen_Generation = YES;
				INFOPLIST_KEY_UISupportedInterfaceOrientations_iPad = "UIInterfaceOrientationPortrait UIInterfaceOrientationPortraitUpsideDown UIInterfaceOrientationLandscapeLeft UIInterfaceOrientationLandscapeRight";
				INFOPLIST_KEY_UISupportedInterfaceOrientations_iPhone = "UIInterfaceOrientationPortrait UIInterfaceOrientationLandscapeLeft UIInterfaceOrientationLandscapeRight";
				IPHONEOS_DEPLOYMENT_TARGET = 17.5;
				LD_RUNPATH_SEARCH_PATHS = (
					"$(inherited)",
					"@executable_path/Frameworks",
				);
				MARKETING_VERSION = 1.0;
				PRODUCT_BUNDLE_IDENTIFIER = com.joshrootdev.iBraille;
				PRODUCT_NAME = "$(TARGET_NAME)";
				SUPPORTED_PLATFORMS = "iphoneos iphonesimulator xros xrsimulator";
				SUPPORTS_MACCATALYST = YES;
				SUPPORTS_MAC_DESIGNED_FOR_IPHONE_IPAD = NO;
				SUPPORTS_XR_DESIGNED_FOR_IPHONE_IPAD = NO;
				SWIFT_EMIT_LOC_STRINGS = YES;
				SWIFT_VERSION = 5.0;
				TARGETED_DEVICE_FAMILY = "1,2,6,7";
				XROS_DEPLOYMENT_TARGET = 1.0;
			};
			name = Release;
		};
/* End XCBuildConfiguration section */

/* Begin XCConfigurationList section */
		0363C19B2C3F60CD00D7AD86 /* Build configuration list for PBXProject "iBraille" */ = {
			isa = XCConfigurationList;
			buildConfigurations = (
				0363C1AC2C3F60CD00D7AD86 /* Debug */,
				0363C1AD2C3F60CD00D7AD86 /* Release */,
			);
			defaultConfigurationIsVisible = 0;
			defaultConfigurationName = Release;
		};
		0363C1AE2C3F60CD00D7AD86 /* Build configuration list for PBXNativeTarget "iBraille" */ = {
			isa = XCConfigurationList;
			buildConfigurations = (
				0363C1AF2C3F60CD00D7AD86 /* Debug */,
				0363C1B02C3F60CD00D7AD86 /* Release */,
			);
			defaultConfigurationIsVisible = 0;
			defaultConfigurationName = Release;
		};
/* End XCConfigurationList section */
	};
	rootObject = 0363C1982C3F60CD00D7AD86 /* Project object */;
}
