// !$*UTF8*$!
{
	archiveVersion = 1;
	classes = {
	};
	objectVersion = 56;
	objects = {

/* Begin PBXBuildFile section */
		030427732C627487002ED58C /* MedicationRecordsScreen.swift in Sources */ = {isa = PBXBuildFile; fileRef = 030427722C627487002ED58C /* MedicationRecordsScreen.swift */; };
		0317C8DD2C63C5850074EB94 /* AuthenticationService.swift in Sources */ = {isa = PBXBuildFile; fileRef = 0317C8DC2C63C5850074EB94 /* AuthenticationService.swift */; };
		0321F93C2C311A8F00DA5A8D /* AddBloodSugarReadingScreen+ViewModel.swift in Sources */ = {isa = PBXBuildFile; fileRef = 0321F93B2C311A8F00DA5A8D /* AddBloodSugarReadingScreen+ViewModel.swift */; };
		0323207C2C62A0AC00A2C1F6 /* GlucoseReadingCell.swift in Sources */ = {isa = PBXBuildFile; fileRef = 0323207B2C62A0AC00A2C1F6 /* GlucoseReadingCell.swift */; };
		0323207E2C62A43000A2C1F6 /* GlucoseReadingCell+ViewModel.swift in Sources */ = {isa = PBXBuildFile; fileRef = 0323207D2C62A43000A2C1F6 /* GlucoseReadingCell+ViewModel.swift */; };
		032320812C62AD2700A2C1F6 /* MedicationCell.swift in Sources */ = {isa = PBXBuildFile; fileRef = 032320802C62AD2700A2C1F6 /* MedicationCell.swift */; };
		032320832C62AD9300A2C1F6 /* MedicationCell+ViewModel.swift in Sources */ = {isa = PBXBuildFile; fileRef = 032320822C62AD9300A2C1F6 /* MedicationCell+ViewModel.swift */; };
		032320852C62AF4400A2C1F6 /* MedicationSortOrder.swift in Sources */ = {isa = PBXBuildFile; fileRef = 032320842C62AF4400A2C1F6 /* MedicationSortOrder.swift */; };
		032320872C62AF9300A2C1F6 /* MedicationDataList.swift in Sources */ = {isa = PBXBuildFile; fileRef = 032320862C62AF9300A2C1F6 /* MedicationDataList.swift */; };
		034C6DD92C2E174300E2BE89 /* CreateActionsMenu.swift in Sources */ = {isa = PBXBuildFile; fileRef = 034C6DD82C2E174300E2BE89 /* CreateActionsMenu.swift */; };
		0350BDD32C3B9381005B0632 /* EditBloodSugarReadingScreen.swift in Sources */ = {isa = PBXBuildFile; fileRef = 0350BDD22C3B9381005B0632 /* EditBloodSugarReadingScreen.swift */; };
		0350BDD52C3B9505005B0632 /* EditBloodSugarReadingScreen+ViewModel.swift in Sources */ = {isa = PBXBuildFile; fileRef = 0350BDD42C3B9505005B0632 /* EditBloodSugarReadingScreen+ViewModel.swift */; };
		03510BC12C51467500D5F1AE /* AddMedicationScreen.swift in Sources */ = {isa = PBXBuildFile; fileRef = 03510BBF2C51467500D5F1AE /* AddMedicationScreen.swift */; };
		03510BC22C51467500D5F1AE /* AddMedicationScreen+ViewModel.swift in Sources */ = {isa = PBXBuildFile; fileRef = 03510BC02C51467500D5F1AE /* AddMedicationScreen+ViewModel.swift */; };
		03510BC62C515D0300D5F1AE /* EditMedicationScreen+ViewModel.swift in Sources */ = {isa = PBXBuildFile; fileRef = 03510BC52C515D0300D5F1AE /* EditMedicationScreen+ViewModel.swift */; };
		03510BC72C515D0300D5F1AE /* EditMedicationScreen.swift in Sources */ = {isa = PBXBuildFile; fileRef = 03510BC42C515D0300D5F1AE /* EditMedicationScreen.swift */; };
		0384D7D82C09F73B009C419F /* BloodGlucoseMeasurementsScreen.swift in Sources */ = {isa = PBXBuildFile; fileRef = 0384D7D72C09F73B009C419F /* BloodGlucoseMeasurementsScreen.swift */; };
		0384D7DB2C0A8BE3009C419F /* Constants.swift in Sources */ = {isa = PBXBuildFile; fileRef = 0384D7DA2C0A8BE3009C419F /* Constants.swift */; };
		0384D7DD2C0A93DB009C419F /* SettingsScreen.swift in Sources */ = {isa = PBXBuildFile; fileRef = 0384D7DC2C0A93DB009C419F /* SettingsScreen.swift */; };
		03894F522C2CC3CF008BB475 /* GlucoseDataChart.swift in Sources */ = {isa = PBXBuildFile; fileRef = 03894F512C2CC3CF008BB475 /* GlucoseDataChart.swift */; };
		03894F582C2D4C62008BB475 /* BloodSugarDataFilters.swift in Sources */ = {isa = PBXBuildFile; fileRef = 03894F572C2D4C62008BB475 /* BloodSugarDataFilters.swift */; };
		03894F5C2C2D6376008BB475 /* GlucoseDataList.swift in Sources */ = {isa = PBXBuildFile; fileRef = 03894F5B2C2D6376008BB475 /* GlucoseDataList.swift */; };
		03894F5F2C2D7F9E008BB475 /* ChartType.swift in Sources */ = {isa = PBXBuildFile; fileRef = 03894F5E2C2D7F9E008BB475 /* ChartType.swift */; };
		0395B2092C5194BB0070AC20 /* MedicationsScreen.swift in Sources */ = {isa = PBXBuildFile; fileRef = 0395B2082C5194BB0070AC20 /* MedicationsScreen.swift */; };
		039903062C03CEDC00267D02 /* GTMedicationRecord+CoreDataHelper.swift in Sources */ = {isa = PBXBuildFile; fileRef = 039903052C03CEDC00267D02 /* GTMedicationRecord+CoreDataHelper.swift */; };
		03A1AC362C2FADA2008B20DC /* GlobalState.swift in Sources */ = {isa = PBXBuildFile; fileRef = 03A1AC352C2FADA2008B20DC /* GlobalState.swift */; };
		03A1AC392C2FDE9C008B20DC /* AddBloodSugarReadingScreen.swift in Sources */ = {isa = PBXBuildFile; fileRef = 03A1AC382C2FDE9C008B20DC /* AddBloodSugarReadingScreen.swift */; };
		03A1AC3C2C2FE186008B20DC /* CalculationHelper.swift in Sources */ = {isa = PBXBuildFile; fileRef = 03A1AC3B2C2FE186008B20DC /* CalculationHelper.swift */; };
		03A1AC3E2C30428B008B20DC /* UnitOfMeasure.swift in Sources */ = {isa = PBXBuildFile; fileRef = 03A1AC3D2C30428B008B20DC /* UnitOfMeasure.swift */; };
		03A1AC432C304349008B20DC /* CalculationError.swift in Sources */ = {isa = PBXBuildFile; fileRef = 03A1AC422C304349008B20DC /* CalculationError.swift */; };
		03B758842C03BF57000E9F27 /* GTMedication+CoreDataHelper.swift in Sources */ = {isa = PBXBuildFile; fileRef = 03B758832C03BF57000E9F27 /* GTMedication+CoreDataHelper.swift */; };
		03B76A462C039A9B0043A03B /* GTGlucoseMeasurement+CoreDataHelper.swift in Sources */ = {isa = PBXBuildFile; fileRef = 03B76A452C039A9B0043A03B /* GTGlucoseMeasurement+CoreDataHelper.swift */; };
		03D987A32C03886B002A75A6 /* GlucoTrackApp.swift in Sources */ = {isa = PBXBuildFile; fileRef = 03D987A22C03886B002A75A6 /* GlucoTrackApp.swift */; };
		03D987A52C03886B002A75A6 /* ContentView.swift in Sources */ = {isa = PBXBuildFile; fileRef = 03D987A42C03886B002A75A6 /* ContentView.swift */; };
		03D987A72C03886C002A75A6 /* Assets.xcassets in Resources */ = {isa = PBXBuildFile; fileRef = 03D987A62C03886C002A75A6 /* Assets.xcassets */; };
		03D987AA2C03886C002A75A6 /* Preview Assets.xcassets in Resources */ = {isa = PBXBuildFile; fileRef = 03D987A92C03886C002A75A6 /* Preview Assets.xcassets */; };
		03D987AC2C03886C002A75A6 /* Persistence.swift in Sources */ = {isa = PBXBuildFile; fileRef = 03D987AB2C03886C002A75A6 /* Persistence.swift */; };
		03D987AF2C03886C002A75A6 /* GlucoTrack.xcdatamodeld in Sources */ = {isa = PBXBuildFile; fileRef = 03D987AD2C03886C002A75A6 /* GlucoTrack.xcdatamodeld */; };
		03D987BA2C03886C002A75A6 /* GlucoTrackTests.swift in Sources */ = {isa = PBXBuildFile; fileRef = 03D987B92C03886C002A75A6 /* GlucoTrackTests.swift */; };
		03D987C42C03886C002A75A6 /* GlucoTrackUITests.swift in Sources */ = {isa = PBXBuildFile; fileRef = 03D987C32C03886C002A75A6 /* GlucoTrackUITests.swift */; };
		03D987C62C03886C002A75A6 /* GlucoTrackUITestsLaunchTests.swift in Sources */ = {isa = PBXBuildFile; fileRef = 03D987C52C03886C002A75A6 /* GlucoTrackUITestsLaunchTests.swift */; };
		03DE3C622C37F1AC00245808 /* DataService.swift in Sources */ = {isa = PBXBuildFile; fileRef = 03DE3C612C37F1AC00245808 /* DataService.swift */; };
		03DE3C642C37F52A00245808 /* GTError.swift in Sources */ = {isa = PBXBuildFile; fileRef = 03DE3C632C37F52A00245808 /* GTError.swift */; };
		03EC5D422C6405060057C3D9 /* MedicationPicker.swift in Sources */ = {isa = PBXBuildFile; fileRef = 03EC5D412C6405060057C3D9 /* MedicationPicker.swift */; };
		03EC5D442C641D1C0057C3D9 /* AddMedicationRecordScreen.swift in Sources */ = {isa = PBXBuildFile; fileRef = 03EC5D432C641D1C0057C3D9 /* AddMedicationRecordScreen.swift */; };
		03F23C832C6B18590043FF1A /* MedicationRecordSortOrder.swift in Sources */ = {isa = PBXBuildFile; fileRef = 03F23C822C6B18590043FF1A /* MedicationRecordSortOrder.swift */; };
		03F23C862C6B264C0043FF1A /* MedicationRecordsDataList.swift in Sources */ = {isa = PBXBuildFile; fileRef = 03F23C852C6B264C0043FF1A /* MedicationRecordsDataList.swift */; };
		03F23C892C6B26AB0043FF1A /* MedicationRecordCell.swift in Sources */ = {isa = PBXBuildFile; fileRef = 03F23C882C6B26AB0043FF1A /* MedicationRecordCell.swift */; };
		03F23C8B2C6B29DF0043FF1A /* MedicationRecordCell+ViewModel.swift in Sources */ = {isa = PBXBuildFile; fileRef = 03F23C8A2C6B29DF0043FF1A /* MedicationRecordCell+ViewModel.swift */; };
		03FE5B3B2C64264C008F1213 /* AddMedicationRecordScreen+ViewModel.swift in Sources */ = {isa = PBXBuildFile; fileRef = 03FE5B3A2C64264C008F1213 /* AddMedicationRecordScreen+ViewModel.swift */; };
		03FE5B3E2C6443D2008F1213 /* EditMedicationRecordScreen.swift in Sources */ = {isa = PBXBuildFile; fileRef = 03FE5B3D2C6443D2008F1213 /* EditMedicationRecordScreen.swift */; };
		03FE5B402C64459D008F1213 /* EditMedicationRecordScreen+ViewModel.swift in Sources */ = {isa = PBXBuildFile; fileRef = 03FE5B3F2C64459D008F1213 /* EditMedicationRecordScreen+ViewModel.swift */; };
		03FE87712C03CD13006D7A0F /* GTWeight+CoreDataHelper.swift in Sources */ = {isa = PBXBuildFile; fileRef = 03FE87702C03CD13006D7A0F /* GTWeight+CoreDataHelper.swift */; };
/* End PBXBuildFile section */

/* Begin PBXContainerItemProxy section */
		03D987B62C03886C002A75A6 /* PBXContainerItemProxy */ = {
			isa = PBXContainerItemProxy;
			containerPortal = 03D987972C03886B002A75A6 /* Project object */;
			proxyType = 1;
			remoteGlobalIDString = 03D9879E2C03886B002A75A6;
			remoteInfo = GlucoTrack;
		};
		03D987C02C03886C002A75A6 /* PBXContainerItemProxy */ = {
			isa = PBXContainerItemProxy;
			containerPortal = 03D987972C03886B002A75A6 /* Project object */;
			proxyType = 1;
			remoteGlobalIDString = 03D9879E2C03886B002A75A6;
			remoteInfo = GlucoTrack;
		};
/* End PBXContainerItemProxy section */

/* Begin PBXFileReference section */
		030427722C627487002ED58C /* MedicationRecordsScreen.swift */ = {isa = PBXFileReference; lastKnownFileType = sourcecode.swift; path = MedicationRecordsScreen.swift; sourceTree = "<group>"; };
		0317C8DC2C63C5850074EB94 /* AuthenticationService.swift */ = {isa = PBXFileReference; lastKnownFileType = sourcecode.swift; path = AuthenticationService.swift; sourceTree = "<group>"; };
		0321F93B2C311A8F00DA5A8D /* AddBloodSugarReadingScreen+ViewModel.swift */ = {isa = PBXFileReference; lastKnownFileType = sourcecode.swift; path = "AddBloodSugarReadingScreen+ViewModel.swift"; sourceTree = "<group>"; };
		0323207B2C62A0AC00A2C1F6 /* GlucoseReadingCell.swift */ = {isa = PBXFileReference; lastKnownFileType = sourcecode.swift; path = GlucoseReadingCell.swift; sourceTree = "<group>"; };
		0323207D2C62A43000A2C1F6 /* GlucoseReadingCell+ViewModel.swift */ = {isa = PBXFileReference; lastKnownFileType = sourcecode.swift; path = "GlucoseReadingCell+ViewModel.swift"; sourceTree = "<group>"; };
		032320802C62AD2700A2C1F6 /* MedicationCell.swift */ = {isa = PBXFileReference; lastKnownFileType = sourcecode.swift; path = MedicationCell.swift; sourceTree = "<group>"; };
		032320822C62AD9300A2C1F6 /* MedicationCell+ViewModel.swift */ = {isa = PBXFileReference; lastKnownFileType = sourcecode.swift; path = "MedicationCell+ViewModel.swift"; sourceTree = "<group>"; };
		032320842C62AF4400A2C1F6 /* MedicationSortOrder.swift */ = {isa = PBXFileReference; lastKnownFileType = sourcecode.swift; path = MedicationSortOrder.swift; sourceTree = "<group>"; };
		032320862C62AF9300A2C1F6 /* MedicationDataList.swift */ = {isa = PBXFileReference; lastKnownFileType = sourcecode.swift; path = MedicationDataList.swift; sourceTree = "<group>"; };
		034C6DD82C2E174300E2BE89 /* CreateActionsMenu.swift */ = {isa = PBXFileReference; lastKnownFileType = sourcecode.swift; path = CreateActionsMenu.swift; sourceTree = "<group>"; };
		0350BDD22C3B9381005B0632 /* EditBloodSugarReadingScreen.swift */ = {isa = PBXFileReference; lastKnownFileType = sourcecode.swift; path = EditBloodSugarReadingScreen.swift; sourceTree = "<group>"; };
		0350BDD42C3B9505005B0632 /* EditBloodSugarReadingScreen+ViewModel.swift */ = {isa = PBXFileReference; lastKnownFileType = sourcecode.swift; path = "EditBloodSugarReadingScreen+ViewModel.swift"; sourceTree = "<group>"; };
		03510BBF2C51467500D5F1AE /* AddMedicationScreen.swift */ = {isa = PBXFileReference; lastKnownFileType = sourcecode.swift; path = AddMedicationScreen.swift; sourceTree = "<group>"; };
		03510BC02C51467500D5F1AE /* AddMedicationScreen+ViewModel.swift */ = {isa = PBXFileReference; lastKnownFileType = sourcecode.swift; path = "AddMedicationScreen+ViewModel.swift"; sourceTree = "<group>"; };
		03510BC42C515D0300D5F1AE /* EditMedicationScreen.swift */ = {isa = PBXFileReference; lastKnownFileType = sourcecode.swift; path = EditMedicationScreen.swift; sourceTree = "<group>"; };
		03510BC52C515D0300D5F1AE /* EditMedicationScreen+ViewModel.swift */ = {isa = PBXFileReference; lastKnownFileType = sourcecode.swift; path = "EditMedicationScreen+ViewModel.swift"; sourceTree = "<group>"; };
		0384D7D72C09F73B009C419F /* BloodGlucoseMeasurementsScreen.swift */ = {isa = PBXFileReference; lastKnownFileType = sourcecode.swift; path = BloodGlucoseMeasurementsScreen.swift; sourceTree = "<group>"; };
		0384D7DA2C0A8BE3009C419F /* Constants.swift */ = {isa = PBXFileReference; lastKnownFileType = sourcecode.swift; path = Constants.swift; sourceTree = "<group>"; };
		0384D7DC2C0A93DB009C419F /* SettingsScreen.swift */ = {isa = PBXFileReference; lastKnownFileType = sourcecode.swift; path = SettingsScreen.swift; sourceTree = "<group>"; };
		03894F512C2CC3CF008BB475 /* GlucoseDataChart.swift */ = {isa = PBXFileReference; lastKnownFileType = sourcecode.swift; path = GlucoseDataChart.swift; sourceTree = "<group>"; };
		03894F572C2D4C62008BB475 /* BloodSugarDataFilters.swift */ = {isa = PBXFileReference; lastKnownFileType = sourcecode.swift; path = BloodSugarDataFilters.swift; sourceTree = "<group>"; };
		03894F5B2C2D6376008BB475 /* GlucoseDataList.swift */ = {isa = PBXFileReference; lastKnownFileType = sourcecode.swift; path = GlucoseDataList.swift; sourceTree = "<group>"; };
		03894F5E2C2D7F9E008BB475 /* ChartType.swift */ = {isa = PBXFileReference; lastKnownFileType = sourcecode.swift; path = ChartType.swift; sourceTree = "<group>"; };
		0395B2082C5194BB0070AC20 /* MedicationsScreen.swift */ = {isa = PBXFileReference; lastKnownFileType = sourcecode.swift; path = MedicationsScreen.swift; sourceTree = "<group>"; };
		039903052C03CEDC00267D02 /* GTMedicationRecord+CoreDataHelper.swift */ = {isa = PBXFileReference; lastKnownFileType = sourcecode.swift; path = "GTMedicationRecord+CoreDataHelper.swift"; sourceTree = "<group>"; };
		03A1AC352C2FADA2008B20DC /* GlobalState.swift */ = {isa = PBXFileReference; lastKnownFileType = sourcecode.swift; path = GlobalState.swift; sourceTree = "<group>"; };
		03A1AC382C2FDE9C008B20DC /* AddBloodSugarReadingScreen.swift */ = {isa = PBXFileReference; lastKnownFileType = sourcecode.swift; path = AddBloodSugarReadingScreen.swift; sourceTree = "<group>"; };
		03A1AC3B2C2FE186008B20DC /* CalculationHelper.swift */ = {isa = PBXFileReference; lastKnownFileType = sourcecode.swift; path = CalculationHelper.swift; sourceTree = "<group>"; };
		03A1AC3D2C30428B008B20DC /* UnitOfMeasure.swift */ = {isa = PBXFileReference; lastKnownFileType = sourcecode.swift; path = UnitOfMeasure.swift; sourceTree = "<group>"; };
		03A1AC422C304349008B20DC /* CalculationError.swift */ = {isa = PBXFileReference; lastKnownFileType = sourcecode.swift; path = CalculationError.swift; sourceTree = "<group>"; };
		03B758832C03BF57000E9F27 /* GTMedication+CoreDataHelper.swift */ = {isa = PBXFileReference; lastKnownFileType = sourcecode.swift; path = "GTMedication+CoreDataHelper.swift"; sourceTree = "<group>"; };
		03B76A452C039A9B0043A03B /* GTGlucoseMeasurement+CoreDataHelper.swift */ = {isa = PBXFileReference; lastKnownFileType = sourcecode.swift; path = "GTGlucoseMeasurement+CoreDataHelper.swift"; sourceTree = "<group>"; };
		03D9879F2C03886B002A75A6 /* GlucoTrack.app */ = {isa = PBXFileReference; explicitFileType = wrapper.application; includeInIndex = 0; path = GlucoTrack.app; sourceTree = BUILT_PRODUCTS_DIR; };
		03D987A22C03886B002A75A6 /* GlucoTrackApp.swift */ = {isa = PBXFileReference; lastKnownFileType = sourcecode.swift; path = GlucoTrackApp.swift; sourceTree = "<group>"; };
		03D987A42C03886B002A75A6 /* ContentView.swift */ = {isa = PBXFileReference; lastKnownFileType = sourcecode.swift; path = ContentView.swift; sourceTree = "<group>"; };
		03D987A62C03886C002A75A6 /* Assets.xcassets */ = {isa = PBXFileReference; lastKnownFileType = folder.assetcatalog; path = Assets.xcassets; sourceTree = "<group>"; };
		03D987A92C03886C002A75A6 /* Preview Assets.xcassets */ = {isa = PBXFileReference; lastKnownFileType = folder.assetcatalog; path = "Preview Assets.xcassets"; sourceTree = "<group>"; };
		03D987AB2C03886C002A75A6 /* Persistence.swift */ = {isa = PBXFileReference; lastKnownFileType = sourcecode.swift; path = Persistence.swift; sourceTree = "<group>"; };
		03D987AE2C03886C002A75A6 /* GlucoTrack.xcdatamodel */ = {isa = PBXFileReference; lastKnownFileType = wrapper.xcdatamodel; path = GlucoTrack.xcdatamodel; sourceTree = "<group>"; };
		03D987B02C03886C002A75A6 /* GlucoTrack.entitlements */ = {isa = PBXFileReference; lastKnownFileType = text.plist.entitlements; path = GlucoTrack.entitlements; sourceTree = "<group>"; };
		03D987B52C03886C002A75A6 /* GlucoTrackTests.xctest */ = {isa = PBXFileReference; explicitFileType = wrapper.cfbundle; includeInIndex = 0; path = GlucoTrackTests.xctest; sourceTree = BUILT_PRODUCTS_DIR; };
		03D987B92C03886C002A75A6 /* GlucoTrackTests.swift */ = {isa = PBXFileReference; lastKnownFileType = sourcecode.swift; path = GlucoTrackTests.swift; sourceTree = "<group>"; };
		03D987BF2C03886C002A75A6 /* GlucoTrackUITests.xctest */ = {isa = PBXFileReference; explicitFileType = wrapper.cfbundle; includeInIndex = 0; path = GlucoTrackUITests.xctest; sourceTree = BUILT_PRODUCTS_DIR; };
		03D987C32C03886C002A75A6 /* GlucoTrackUITests.swift */ = {isa = PBXFileReference; lastKnownFileType = sourcecode.swift; path = GlucoTrackUITests.swift; sourceTree = "<group>"; };
		03D987C52C03886C002A75A6 /* GlucoTrackUITestsLaunchTests.swift */ = {isa = PBXFileReference; lastKnownFileType = sourcecode.swift; path = GlucoTrackUITestsLaunchTests.swift; sourceTree = "<group>"; };
		03DE3C612C37F1AC00245808 /* DataService.swift */ = {isa = PBXFileReference; lastKnownFileType = sourcecode.swift; path = DataService.swift; sourceTree = "<group>"; };
		03DE3C632C37F52A00245808 /* GTError.swift */ = {isa = PBXFileReference; lastKnownFileType = sourcecode.swift; path = GTError.swift; sourceTree = "<group>"; };
		03EC5D412C6405060057C3D9 /* MedicationPicker.swift */ = {isa = PBXFileReference; lastKnownFileType = sourcecode.swift; path = MedicationPicker.swift; sourceTree = "<group>"; };
		03EC5D432C641D1C0057C3D9 /* AddMedicationRecordScreen.swift */ = {isa = PBXFileReference; lastKnownFileType = sourcecode.swift; path = AddMedicationRecordScreen.swift; sourceTree = "<group>"; };
		03F23C822C6B18590043FF1A /* MedicationRecordSortOrder.swift */ = {isa = PBXFileReference; lastKnownFileType = sourcecode.swift; path = MedicationRecordSortOrder.swift; sourceTree = "<group>"; };
		03F23C852C6B264C0043FF1A /* MedicationRecordsDataList.swift */ = {isa = PBXFileReference; lastKnownFileType = sourcecode.swift; path = MedicationRecordsDataList.swift; sourceTree = "<group>"; };
		03F23C882C6B26AB0043FF1A /* MedicationRecordCell.swift */ = {isa = PBXFileReference; lastKnownFileType = sourcecode.swift; path = MedicationRecordCell.swift; sourceTree = "<group>"; };
		03F23C8A2C6B29DF0043FF1A /* MedicationRecordCell+ViewModel.swift */ = {isa = PBXFileReference; lastKnownFileType = sourcecode.swift; path = "MedicationRecordCell+ViewModel.swift"; sourceTree = "<group>"; };
		03FE5B3A2C64264C008F1213 /* AddMedicationRecordScreen+ViewModel.swift */ = {isa = PBXFileReference; lastKnownFileType = sourcecode.swift; path = "AddMedicationRecordScreen+ViewModel.swift"; sourceTree = "<group>"; };
		03FE5B3D2C6443D2008F1213 /* EditMedicationRecordScreen.swift */ = {isa = PBXFileReference; lastKnownFileType = sourcecode.swift; path = EditMedicationRecordScreen.swift; sourceTree = "<group>"; };
		03FE5B3F2C64459D008F1213 /* EditMedicationRecordScreen+ViewModel.swift */ = {isa = PBXFileReference; lastKnownFileType = sourcecode.swift; path = "EditMedicationRecordScreen+ViewModel.swift"; sourceTree = "<group>"; };
		03FE87702C03CD13006D7A0F /* GTWeight+CoreDataHelper.swift */ = {isa = PBXFileReference; lastKnownFileType = sourcecode.swift; path = "GTWeight+CoreDataHelper.swift"; sourceTree = "<group>"; };
/* End PBXFileReference section */

/* Begin PBXFrameworksBuildPhase section */
		03D9879C2C03886B002A75A6 /* Frameworks */ = {
			isa = PBXFrameworksBuildPhase;
			buildActionMask = 2147483647;
			files = (
			);
			runOnlyForDeploymentPostprocessing = 0;
		};
		03D987B22C03886C002A75A6 /* Frameworks */ = {
			isa = PBXFrameworksBuildPhase;
			buildActionMask = 2147483647;
			files = (
			);
			runOnlyForDeploymentPostprocessing = 0;
		};
		03D987BC2C03886C002A75A6 /* Frameworks */ = {
			isa = PBXFrameworksBuildPhase;
			buildActionMask = 2147483647;
			files = (
			);
			runOnlyForDeploymentPostprocessing = 0;
		};
/* End PBXFrameworksBuildPhase section */

/* Begin PBXGroup section */
		0317C8DB2C63C5570074EB94 /* Authentication */ = {
			isa = PBXGroup;
			children = (
				0317C8DC2C63C5850074EB94 /* AuthenticationService.swift */,
			);
			path = Authentication;
			sourceTree = "<group>";
		};
		031D8ADF2C46C6370013AF24 /* GlucoseDataList */ = {
			isa = PBXGroup;
			children = (
				03894F5B2C2D6376008BB475 /* GlucoseDataList.swift */,
				03F23C8C2C6B2F8D0043FF1A /* GlucoseReadingCell */,
			);
			path = GlucoseDataList;
			sourceTree = "<group>";
		};
		0323207F2C62ACF900A2C1F6 /* MedicationDataList */ = {
			isa = PBXGroup;
			children = (
				032320862C62AF9300A2C1F6 /* MedicationDataList.swift */,
				03F23C812C6B16D30043FF1A /* MedicationCell */,
			);
			path = MedicationDataList;
			sourceTree = "<group>";
		};
		0350BDD02C3B9269005B0632 /* AddBloodSugarReadingScreen */ = {
			isa = PBXGroup;
			children = (
				03A1AC382C2FDE9C008B20DC /* AddBloodSugarReadingScreen.swift */,
				0321F93B2C311A8F00DA5A8D /* AddBloodSugarReadingScreen+ViewModel.swift */,
			);
			path = AddBloodSugarReadingScreen;
			sourceTree = "<group>";
		};
		0350BDD12C3B929C005B0632 /* EditBloodSugarReadingScreen */ = {
			isa = PBXGroup;
			children = (
				0350BDD22C3B9381005B0632 /* EditBloodSugarReadingScreen.swift */,
				0350BDD42C3B9505005B0632 /* EditBloodSugarReadingScreen+ViewModel.swift */,
			);
			path = EditBloodSugarReadingScreen;
			sourceTree = "<group>";
		};
		03510BBE2C51465700D5F1AE /* AddMedicationScreen */ = {
			isa = PBXGroup;
			children = (
				03510BBF2C51467500D5F1AE /* AddMedicationScreen.swift */,
				03510BC02C51467500D5F1AE /* AddMedicationScreen+ViewModel.swift */,
			);
			path = AddMedicationScreen;
			sourceTree = "<group>";
		};
		03510BC32C515CE400D5F1AE /* EditMedicationScreen */ = {
			isa = PBXGroup;
			children = (
				03510BC42C515D0300D5F1AE /* EditMedicationScreen.swift */,
				03510BC52C515D0300D5F1AE /* EditMedicationScreen+ViewModel.swift */,
			);
			path = EditMedicationScreen;
			sourceTree = "<group>";
		};
		036085C12C4D7CBC00EC3E88 /* Medication */ = {
			isa = PBXGroup;
			children = (
				03510BC32C515CE400D5F1AE /* EditMedicationScreen */,
				03510BBE2C51465700D5F1AE /* AddMedicationScreen */,
				036085C22C4D7CCF00EC3E88 /* Records */,
				0395B2082C5194BB0070AC20 /* MedicationsScreen.swift */,
			);
			path = Medication;
			sourceTree = "<group>";
		};
		036085C22C4D7CCF00EC3E88 /* Records */ = {
			isa = PBXGroup;
			children = (
				03FE5B3C2C644349008F1213 /* EditMedicationRecordScreen */,
				03EC5D452C6421280057C3D9 /* AddMedicationRecordScreen */,
				030427722C627487002ED58C /* MedicationRecordsScreen.swift */,
			);
			path = Records;
			sourceTree = "<group>";
		};
		03894F5D2C2D7F7D008BB475 /* Enumerations */ = {
			isa = PBXGroup;
			children = (
				032320842C62AF4400A2C1F6 /* MedicationSortOrder.swift */,
				03894F5E2C2D7F9E008BB475 /* ChartType.swift */,
				03A1AC3D2C30428B008B20DC /* UnitOfMeasure.swift */,
				03F23C822C6B18590043FF1A /* MedicationRecordSortOrder.swift */,
			);
			path = Enumerations;
			sourceTree = "<group>";
		};
		03A1AC372C2FDE79008B20DC /* Screens */ = {
			isa = PBXGroup;
			children = (
				036085C12C4D7CBC00EC3E88 /* Medication */,
				0384D7DC2C0A93DB009C419F /* SettingsScreen.swift */,
				03A1AC3A2C2FDF61008B20DC /* BloodSugar */,
			);
			path = Screens;
			sourceTree = "<group>";
		};
		03A1AC3A2C2FDF61008B20DC /* BloodSugar */ = {
			isa = PBXGroup;
			children = (
				0350BDD12C3B929C005B0632 /* EditBloodSugarReadingScreen */,
				0384D7D72C09F73B009C419F /* BloodGlucoseMeasurementsScreen.swift */,
				0350BDD02C3B9269005B0632 /* AddBloodSugarReadingScreen */,
			);
			path = BloodSugar;
			sourceTree = "<group>";
		};
		03A1AC412C30431C008B20DC /* Errors */ = {
			isa = PBXGroup;
			children = (
				03A1AC422C304349008B20DC /* CalculationError.swift */,
				03DE3C632C37F52A00245808 /* GTError.swift */,
			);
			path = Errors;
			sourceTree = "<group>";
		};
		03B76A442C039A5F0043A03B /* Extensions */ = {
			isa = PBXGroup;
			children = (
				03B76A452C039A9B0043A03B /* GTGlucoseMeasurement+CoreDataHelper.swift */,
				03B758832C03BF57000E9F27 /* GTMedication+CoreDataHelper.swift */,
				03FE87702C03CD13006D7A0F /* GTWeight+CoreDataHelper.swift */,
				039903052C03CEDC00267D02 /* GTMedicationRecord+CoreDataHelper.swift */,
			);
			path = Extensions;
			sourceTree = "<group>";
		};
		03D987962C03886B002A75A6 = {
			isa = PBXGroup;
			children = (
				03D987A12C03886B002A75A6 /* GlucoTrack */,
				03D987B82C03886C002A75A6 /* GlucoTrackTests */,
				03D987C22C03886C002A75A6 /* GlucoTrackUITests */,
				03D987A02C03886B002A75A6 /* Products */,
			);
			sourceTree = "<group>";
		};
		03D987A02C03886B002A75A6 /* Products */ = {
			isa = PBXGroup;
			children = (
				03D9879F2C03886B002A75A6 /* GlucoTrack.app */,
				03D987B52C03886C002A75A6 /* GlucoTrackTests.xctest */,
				03D987BF2C03886C002A75A6 /* GlucoTrackUITests.xctest */,
			);
			name = Products;
			sourceTree = "<group>";
		};
		03D987A12C03886B002A75A6 /* GlucoTrack */ = {
			isa = PBXGroup;
			children = (
				03D987A62C03886C002A75A6 /* Assets.xcassets */,
				0317C8DB2C63C5570074EB94 /* Authentication */,
				03894F572C2D4C62008BB475 /* BloodSugarDataFilters.swift */,
				03A1AC3B2C2FE186008B20DC /* CalculationHelper.swift */,
				0384D7DA2C0A8BE3009C419F /* Constants.swift */,
				03D987A42C03886B002A75A6 /* ContentView.swift */,
				034C6DD82C2E174300E2BE89 /* CreateActionsMenu.swift */,
				03DE3C602C37F17500245808 /* Data */,
				03894F5D2C2D7F7D008BB475 /* Enumerations */,
				03A1AC412C30431C008B20DC /* Errors */,
				03B76A442C039A5F0043A03B /* Extensions */,
				03A1AC352C2FADA2008B20DC /* GlobalState.swift */,
				03894F512C2CC3CF008BB475 /* GlucoseDataChart.swift */,
				031D8ADF2C46C6370013AF24 /* GlucoseDataList */,
				03D987B02C03886C002A75A6 /* GlucoTrack.entitlements */,
				03D987AD2C03886C002A75A6 /* GlucoTrack.xcdatamodeld */,
				03D987A22C03886B002A75A6 /* GlucoTrackApp.swift */,
				0323207F2C62ACF900A2C1F6 /* MedicationDataList */,
				03F23C842C6B262D0043FF1A /* MedicationRecordsDataList */,
				03D987AB2C03886C002A75A6 /* Persistence.swift */,
				03EC5D402C6404CD0057C3D9 /* Pickers */,
				03D987A82C03886C002A75A6 /* Preview Content */,
				03A1AC372C2FDE79008B20DC /* Screens */,
			);
			path = GlucoTrack;
			sourceTree = "<group>";
		};
		03D987A82C03886C002A75A6 /* Preview Content */ = {
			isa = PBXGroup;
			children = (
				03D987A92C03886C002A75A6 /* Preview Assets.xcassets */,
			);
			path = "Preview Content";
			sourceTree = "<group>";
		};
		03D987B82C03886C002A75A6 /* GlucoTrackTests */ = {
			isa = PBXGroup;
			children = (
				03D987B92C03886C002A75A6 /* GlucoTrackTests.swift */,
			);
			path = GlucoTrackTests;
			sourceTree = "<group>";
		};
		03D987C22C03886C002A75A6 /* GlucoTrackUITests */ = {
			isa = PBXGroup;
			children = (
				03D987C32C03886C002A75A6 /* GlucoTrackUITests.swift */,
				03D987C52C03886C002A75A6 /* GlucoTrackUITestsLaunchTests.swift */,
			);
			path = GlucoTrackUITests;
			sourceTree = "<group>";
		};
		03DE3C602C37F17500245808 /* Data */ = {
			isa = PBXGroup;
			children = (
				03DE3C612C37F1AC00245808 /* DataService.swift */,
			);
			path = Data;
			sourceTree = "<group>";
		};
		03EC5D402C6404CD0057C3D9 /* Pickers */ = {
			isa = PBXGroup;
			children = (
				03EC5D412C6405060057C3D9 /* MedicationPicker.swift */,
			);
			path = Pickers;
			sourceTree = "<group>";
		};
		03EC5D452C6421280057C3D9 /* AddMedicationRecordScreen */ = {
			isa = PBXGroup;
			children = (
				03EC5D432C641D1C0057C3D9 /* AddMedicationRecordScreen.swift */,
				03FE5B3A2C64264C008F1213 /* AddMedicationRecordScreen+ViewModel.swift */,
			);
			path = AddMedicationRecordScreen;
			sourceTree = "<group>";
		};
		03F23C812C6B16D30043FF1A /* MedicationCell */ = {
			isa = PBXGroup;
			children = (
				032320802C62AD2700A2C1F6 /* MedicationCell.swift */,
				032320822C62AD9300A2C1F6 /* MedicationCell+ViewModel.swift */,
			);
			path = MedicationCell;
			sourceTree = "<group>";
		};
		03F23C842C6B262D0043FF1A /* MedicationRecordsDataList */ = {
			isa = PBXGroup;
			children = (
				03F23C872C6B269F0043FF1A /* MedicationRecordCell */,
				03F23C852C6B264C0043FF1A /* MedicationRecordsDataList.swift */,
			);
			path = MedicationRecordsDataList;
			sourceTree = "<group>";
		};
		03F23C872C6B269F0043FF1A /* MedicationRecordCell */ = {
			isa = PBXGroup;
			children = (
				03F23C8A2C6B29DF0043FF1A /* MedicationRecordCell+ViewModel.swift */,
				03F23C882C6B26AB0043FF1A /* MedicationRecordCell.swift */,
			);
			path = MedicationRecordCell;
			sourceTree = "<group>";
		};
		03F23C8C2C6B2F8D0043FF1A /* GlucoseReadingCell */ = {
			isa = PBXGroup;
			children = (
				0323207B2C62A0AC00A2C1F6 /* GlucoseReadingCell.swift */,
				0323207D2C62A43000A2C1F6 /* GlucoseReadingCell+ViewModel.swift */,
			);
			path = GlucoseReadingCell;
			sourceTree = "<group>";
		};
		03FE5B3C2C644349008F1213 /* EditMedicationRecordScreen */ = {
			isa = PBXGroup;
			children = (
				03FE5B3D2C6443D2008F1213 /* EditMedicationRecordScreen.swift */,
				03FE5B3F2C64459D008F1213 /* EditMedicationRecordScreen+ViewModel.swift */,
			);
			path = EditMedicationRecordScreen;
			sourceTree = "<group>";
		};
/* End PBXGroup section */

/* Begin PBXNativeTarget section */
		03D9879E2C03886B002A75A6 /* GlucoTrack */ = {
			isa = PBXNativeTarget;
			buildConfigurationList = 03D987C92C03886C002A75A6 /* Build configuration list for PBXNativeTarget "GlucoTrack" */;
			buildPhases = (
				03D9879B2C03886B002A75A6 /* Sources */,
				03D9879C2C03886B002A75A6 /* Frameworks */,
				03D9879D2C03886B002A75A6 /* Resources */,
			);
			buildRules = (
			);
			dependencies = (
			);
			name = GlucoTrack;
			productName = GlucoTrack;
			productReference = 03D9879F2C03886B002A75A6 /* GlucoTrack.app */;
			productType = "com.apple.product-type.application";
		};
		03D987B42C03886C002A75A6 /* GlucoTrackTests */ = {
			isa = PBXNativeTarget;
			buildConfigurationList = 03D987CC2C03886C002A75A6 /* Build configuration list for PBXNativeTarget "GlucoTrackTests" */;
			buildPhases = (
				03D987B12C03886C002A75A6 /* Sources */,
				03D987B22C03886C002A75A6 /* Frameworks */,
				03D987B32C03886C002A75A6 /* Resources */,
			);
			buildRules = (
			);
			dependencies = (
				03D987B72C03886C002A75A6 /* PBXTargetDependency */,
			);
			name = GlucoTrackTests;
			productName = GlucoTrackTests;
			productReference = 03D987B52C03886C002A75A6 /* GlucoTrackTests.xctest */;
			productType = "com.apple.product-type.bundle.unit-test";
		};
		03D987BE2C03886C002A75A6 /* GlucoTrackUITests */ = {
			isa = PBXNativeTarget;
			buildConfigurationList = 03D987CF2C03886C002A75A6 /* Build configuration list for PBXNativeTarget "GlucoTrackUITests" */;
			buildPhases = (
				03D987BB2C03886C002A75A6 /* Sources */,
				03D987BC2C03886C002A75A6 /* Frameworks */,
				03D987BD2C03886C002A75A6 /* Resources */,
			);
			buildRules = (
			);
			dependencies = (
				03D987C12C03886C002A75A6 /* PBXTargetDependency */,
			);
			name = GlucoTrackUITests;
			productName = GlucoTrackUITests;
			productReference = 03D987BF2C03886C002A75A6 /* GlucoTrackUITests.xctest */;
			productType = "com.apple.product-type.bundle.ui-testing";
		};
/* End PBXNativeTarget section */

/* Begin PBXProject section */
		03D987972C03886B002A75A6 /* Project object */ = {
			isa = PBXProject;
			attributes = {
				BuildIndependentTargetsInParallel = 1;
				LastSwiftUpdateCheck = 1540;
				LastUpgradeCheck = 1600;
				TargetAttributes = {
					03D9879E2C03886B002A75A6 = {
						CreatedOnToolsVersion = 15.4;
					};
					03D987B42C03886C002A75A6 = {
						CreatedOnToolsVersion = 15.4;
						TestTargetID = 03D9879E2C03886B002A75A6;
					};
					03D987BE2C03886C002A75A6 = {
						CreatedOnToolsVersion = 15.4;
						TestTargetID = 03D9879E2C03886B002A75A6;
					};
				};
			};
			buildConfigurationList = 03D9879A2C03886B002A75A6 /* Build configuration list for PBXProject "GlucoTrack" */;
			compatibilityVersion = "Xcode 14.0";
			developmentRegion = en;
			hasScannedForEncodings = 0;
			knownRegions = (
				en,
				Base,
			);
			mainGroup = 03D987962C03886B002A75A6;
			productRefGroup = 03D987A02C03886B002A75A6 /* Products */;
			projectDirPath = "";
			projectRoot = "";
			targets = (
				03D9879E2C03886B002A75A6 /* GlucoTrack */,
				03D987B42C03886C002A75A6 /* GlucoTrackTests */,
				03D987BE2C03886C002A75A6 /* GlucoTrackUITests */,
			);
		};
/* End PBXProject section */

/* Begin PBXResourcesBuildPhase section */
		03D9879D2C03886B002A75A6 /* Resources */ = {
			isa = PBXResourcesBuildPhase;
			buildActionMask = 2147483647;
			files = (
				03D987AA2C03886C002A75A6 /* Preview Assets.xcassets in Resources */,
				03D987A72C03886C002A75A6 /* Assets.xcassets in Resources */,
			);
			runOnlyForDeploymentPostprocessing = 0;
		};
		03D987B32C03886C002A75A6 /* Resources */ = {
			isa = PBXResourcesBuildPhase;
			buildActionMask = 2147483647;
			files = (
			);
			runOnlyForDeploymentPostprocessing = 0;
		};
		03D987BD2C03886C002A75A6 /* Resources */ = {
			isa = PBXResourcesBuildPhase;
			buildActionMask = 2147483647;
			files = (
			);
			runOnlyForDeploymentPostprocessing = 0;
		};
/* End PBXResourcesBuildPhase section */

/* Begin PBXSourcesBuildPhase section */
		03D9879B2C03886B002A75A6 /* Sources */ = {
			isa = PBXSourcesBuildPhase;
			buildActionMask = 2147483647;
			files = (
				03D987AC2C03886C002A75A6 /* Persistence.swift in Sources */,
				03A1AC392C2FDE9C008B20DC /* AddBloodSugarReadingScreen.swift in Sources */,
				03894F5F2C2D7F9E008BB475 /* ChartType.swift in Sources */,
				03DE3C642C37F52A00245808 /* GTError.swift in Sources */,
				032320812C62AD2700A2C1F6 /* MedicationCell.swift in Sources */,
				03A1AC362C2FADA2008B20DC /* GlobalState.swift in Sources */,
				03EC5D422C6405060057C3D9 /* MedicationPicker.swift in Sources */,
				03DE3C622C37F1AC00245808 /* DataService.swift in Sources */,
				032320852C62AF4400A2C1F6 /* MedicationSortOrder.swift in Sources */,
				0384D7DB2C0A8BE3009C419F /* Constants.swift in Sources */,
				03FE5B3E2C6443D2008F1213 /* EditMedicationRecordScreen.swift in Sources */,
				03F23C892C6B26AB0043FF1A /* MedicationRecordCell.swift in Sources */,
				03894F5C2C2D6376008BB475 /* GlucoseDataList.swift in Sources */,
				0350BDD52C3B9505005B0632 /* EditBloodSugarReadingScreen+ViewModel.swift in Sources */,
				03FE5B3B2C64264C008F1213 /* AddMedicationRecordScreen+ViewModel.swift in Sources */,
				034C6DD92C2E174300E2BE89 /* CreateActionsMenu.swift in Sources */,
				03F23C862C6B264C0043FF1A /* MedicationRecordsDataList.swift in Sources */,
				03FE87712C03CD13006D7A0F /* GTWeight+CoreDataHelper.swift in Sources */,
				03A1AC3C2C2FE186008B20DC /* CalculationHelper.swift in Sources */,
				03B76A462C039A9B0043A03B /* GTGlucoseMeasurement+CoreDataHelper.swift in Sources */,
				030427732C627487002ED58C /* MedicationRecordsScreen.swift in Sources */,
				0384D7DD2C0A93DB009C419F /* SettingsScreen.swift in Sources */,
				03510BC62C515D0300D5F1AE /* EditMedicationScreen+ViewModel.swift in Sources */,
				0323207C2C62A0AC00A2C1F6 /* GlucoseReadingCell.swift in Sources */,
				03510BC72C515D0300D5F1AE /* EditMedicationScreen.swift in Sources */,
				03D987A52C03886B002A75A6 /* ContentView.swift in Sources */,
				039903062C03CEDC00267D02 /* GTMedicationRecord+CoreDataHelper.swift in Sources */,
				03B758842C03BF57000E9F27 /* GTMedication+CoreDataHelper.swift in Sources */,
				03F23C8B2C6B29DF0043FF1A /* MedicationRecordCell+ViewModel.swift in Sources */,
				0350BDD32C3B9381005B0632 /* EditBloodSugarReadingScreen.swift in Sources */,
				03D987AF2C03886C002A75A6 /* GlucoTrack.xcdatamodeld in Sources */,
				03A1AC432C304349008B20DC /* CalculationError.swift in Sources */,
				03FE5B402C64459D008F1213 /* EditMedicationRecordScreen+ViewModel.swift in Sources */,
				0321F93C2C311A8F00DA5A8D /* AddBloodSugarReadingScreen+ViewModel.swift in Sources */,
				03F23C832C6B18590043FF1A /* MedicationRecordSortOrder.swift in Sources */,
				032320832C62AD9300A2C1F6 /* MedicationCell+ViewModel.swift in Sources */,
				0323207E2C62A43000A2C1F6 /* GlucoseReadingCell+ViewModel.swift in Sources */,
				0395B2092C5194BB0070AC20 /* MedicationsScreen.swift in Sources */,
				0384D7D82C09F73B009C419F /* BloodGlucoseMeasurementsScreen.swift in Sources */,
				032320872C62AF9300A2C1F6 /* MedicationDataList.swift in Sources */,
				03894F582C2D4C62008BB475 /* BloodSugarDataFilters.swift in Sources */,
				03EC5D442C641D1C0057C3D9 /* AddMedicationRecordScreen.swift in Sources */,
				0317C8DD2C63C5850074EB94 /* AuthenticationService.swift in Sources */,
				03894F522C2CC3CF008BB475 /* GlucoseDataChart.swift in Sources */,
				03510BC12C51467500D5F1AE /* AddMedicationScreen.swift in Sources */,
				03510BC22C51467500D5F1AE /* AddMedicationScreen+ViewModel.swift in Sources */,
				03D987A32C03886B002A75A6 /* GlucoTrackApp.swift in Sources */,
				03A1AC3E2C30428B008B20DC /* UnitOfMeasure.swift in Sources */,
			);
			runOnlyForDeploymentPostprocessing = 0;
		};
		03D987B12C03886C002A75A6 /* Sources */ = {
			isa = PBXSourcesBuildPhase;
			buildActionMask = 2147483647;
			files = (
				03D987BA2C03886C002A75A6 /* GlucoTrackTests.swift in Sources */,
			);
			runOnlyForDeploymentPostprocessing = 0;
		};
		03D987BB2C03886C002A75A6 /* Sources */ = {
			isa = PBXSourcesBuildPhase;
			buildActionMask = 2147483647;
			files = (
				03D987C42C03886C002A75A6 /* GlucoTrackUITests.swift in Sources */,
				03D987C62C03886C002A75A6 /* GlucoTrackUITestsLaunchTests.swift in Sources */,
			);
			runOnlyForDeploymentPostprocessing = 0;
		};
/* End PBXSourcesBuildPhase section */

/* Begin PBXTargetDependency section */
		03D987B72C03886C002A75A6 /* PBXTargetDependency */ = {
			isa = PBXTargetDependency;
			target = 03D9879E2C03886B002A75A6 /* GlucoTrack */;
			targetProxy = 03D987B62C03886C002A75A6 /* PBXContainerItemProxy */;
		};
		03D987C12C03886C002A75A6 /* PBXTargetDependency */ = {
			isa = PBXTargetDependency;
			target = 03D9879E2C03886B002A75A6 /* GlucoTrack */;
			targetProxy = 03D987C02C03886C002A75A6 /* PBXContainerItemProxy */;
		};
/* End PBXTargetDependency section */

/* Begin XCBuildConfiguration section */
		03D987C72C03886C002A75A6 /* Debug */ = {
			isa = XCBuildConfiguration;
			buildSettings = {
				ALWAYS_SEARCH_USER_PATHS = NO;
				ASSETCATALOG_COMPILER_GENERATE_SWIFT_ASSET_SYMBOL_EXTENSIONS = YES;
				CLANG_ANALYZER_NONNULL = YES;
				CLANG_ANALYZER_NUMBER_OBJECT_CONVERSION = YES_AGGRESSIVE;
				CLANG_CXX_LANGUAGE_STANDARD = "gnu++20";
				CLANG_ENABLE_MODULES = YES;
				CLANG_ENABLE_OBJC_ARC = YES;
				CLANG_ENABLE_OBJC_WEAK = YES;
				CLANG_WARN_BLOCK_CAPTURE_AUTORELEASING = YES;
				CLANG_WARN_BOOL_CONVERSION = YES;
				CLANG_WARN_COMMA = YES;
				CLANG_WARN_CONSTANT_CONVERSION = YES;
				CLANG_WARN_DEPRECATED_OBJC_IMPLEMENTATIONS = YES;
				CLANG_WARN_DIRECT_OBJC_ISA_USAGE = YES_ERROR;
				CLANG_WARN_DOCUMENTATION_COMMENTS = YES;
				CLANG_WARN_EMPTY_BODY = YES;
				CLANG_WARN_ENUM_CONVERSION = YES;
				CLANG_WARN_INFINITE_RECURSION = YES;
				CLANG_WARN_INT_CONVERSION = YES;
				CLANG_WARN_NON_LITERAL_NULL_CONVERSION = YES;
				CLANG_WARN_OBJC_IMPLICIT_RETAIN_SELF = YES;
				CLANG_WARN_OBJC_LITERAL_CONVERSION = YES;
				CLANG_WARN_OBJC_ROOT_CLASS = YES_ERROR;
				CLANG_WARN_QUOTED_INCLUDE_IN_FRAMEWORK_HEADER = YES;
				CLANG_WARN_RANGE_LOOP_ANALYSIS = YES;
				CLANG_WARN_STRICT_PROTOTYPES = YES;
				CLANG_WARN_SUSPICIOUS_MOVE = YES;
				CLANG_WARN_UNGUARDED_AVAILABILITY = YES_AGGRESSIVE;
				CLANG_WARN_UNREACHABLE_CODE = YES;
				CLANG_WARN__DUPLICATE_METHOD_MATCH = YES;
				COPY_PHASE_STRIP = NO;
				DEAD_CODE_STRIPPING = YES;
				DEBUG_INFORMATION_FORMAT = dwarf;
				ENABLE_STRICT_OBJC_MSGSEND = YES;
				ENABLE_TESTABILITY = YES;
				ENABLE_USER_SCRIPT_SANDBOXING = YES;
				GCC_C_LANGUAGE_STANDARD = gnu17;
				GCC_DYNAMIC_NO_PIC = NO;
				GCC_NO_COMMON_BLOCKS = YES;
				GCC_OPTIMIZATION_LEVEL = 0;
				GCC_PREPROCESSOR_DEFINITIONS = (
					"DEBUG=1",
					"$(inherited)",
				);
				GCC_WARN_64_TO_32_BIT_CONVERSION = YES;
				GCC_WARN_ABOUT_RETURN_TYPE = YES_ERROR;
				GCC_WARN_UNDECLARED_SELECTOR = YES;
				GCC_WARN_UNINITIALIZED_AUTOS = YES_AGGRESSIVE;
				GCC_WARN_UNUSED_FUNCTION = YES;
				GCC_WARN_UNUSED_VARIABLE = YES;
				LOCALIZATION_PREFERS_STRING_CATALOGS = YES;
				MACOSX_DEPLOYMENT_TARGET = 14.5;
				MTL_ENABLE_DEBUG_INFO = INCLUDE_SOURCE;
				MTL_FAST_MATH = YES;
				ONLY_ACTIVE_ARCH = YES;
				SDKROOT = macosx;
				SWIFT_ACTIVE_COMPILATION_CONDITIONS = "DEBUG $(inherited)";
				SWIFT_OPTIMIZATION_LEVEL = "-Onone";
			};
			name = Debug;
		};
		03D987C82C03886C002A75A6 /* Release */ = {
			isa = XCBuildConfiguration;
			buildSettings = {
				ALWAYS_SEARCH_USER_PATHS = NO;
				ASSETCATALOG_COMPILER_GENERATE_SWIFT_ASSET_SYMBOL_EXTENSIONS = YES;
				CLANG_ANALYZER_NONNULL = YES;
				CLANG_ANALYZER_NUMBER_OBJECT_CONVERSION = YES_AGGRESSIVE;
				CLANG_CXX_LANGUAGE_STANDARD = "gnu++20";
				CLANG_ENABLE_MODULES = YES;
				CLANG_ENABLE_OBJC_ARC = YES;
				CLANG_ENABLE_OBJC_WEAK = YES;
				CLANG_WARN_BLOCK_CAPTURE_AUTORELEASING = YES;
				CLANG_WARN_BOOL_CONVERSION = YES;
				CLANG_WARN_COMMA = YES;
				CLANG_WARN_CONSTANT_CONVERSION = YES;
				CLANG_WARN_DEPRECATED_OBJC_IMPLEMENTATIONS = YES;
				CLANG_WARN_DIRECT_OBJC_ISA_USAGE = YES_ERROR;
				CLANG_WARN_DOCUMENTATION_COMMENTS = YES;
				CLANG_WARN_EMPTY_BODY = YES;
				CLANG_WARN_ENUM_CONVERSION = YES;
				CLANG_WARN_INFINITE_RECURSION = YES;
				CLANG_WARN_INT_CONVERSION = YES;
				CLANG_WARN_NON_LITERAL_NULL_CONVERSION = YES;
				CLANG_WARN_OBJC_IMPLICIT_RETAIN_SELF = YES;
				CLANG_WARN_OBJC_LITERAL_CONVERSION = YES;
				CLANG_WARN_OBJC_ROOT_CLASS = YES_ERROR;
				CLANG_WARN_QUOTED_INCLUDE_IN_FRAMEWORK_HEADER = YES;
				CLANG_WARN_RANGE_LOOP_ANALYSIS = YES;
				CLANG_WARN_STRICT_PROTOTYPES = YES;
				CLANG_WARN_SUSPICIOUS_MOVE = YES;
				CLANG_WARN_UNGUARDED_AVAILABILITY = YES_AGGRESSIVE;
				CLANG_WARN_UNREACHABLE_CODE = YES;
				CLANG_WARN__DUPLICATE_METHOD_MATCH = YES;
				COPY_PHASE_STRIP = NO;
				DEAD_CODE_STRIPPING = YES;
				DEBUG_INFORMATION_FORMAT = "dwarf-with-dsym";
				ENABLE_NS_ASSERTIONS = NO;
				ENABLE_STRICT_OBJC_MSGSEND = YES;
				ENABLE_USER_SCRIPT_SANDBOXING = YES;
				GCC_C_LANGUAGE_STANDARD = gnu17;
				GCC_NO_COMMON_BLOCKS = YES;
				GCC_WARN_64_TO_32_BIT_CONVERSION = YES;
				GCC_WARN_ABOUT_RETURN_TYPE = YES_ERROR;
				GCC_WARN_UNDECLARED_SELECTOR = YES;
				GCC_WARN_UNINITIALIZED_AUTOS = YES_AGGRESSIVE;
				GCC_WARN_UNUSED_FUNCTION = YES;
				GCC_WARN_UNUSED_VARIABLE = YES;
				LOCALIZATION_PREFERS_STRING_CATALOGS = YES;
				MACOSX_DEPLOYMENT_TARGET = 14.5;
				MTL_ENABLE_DEBUG_INFO = NO;
				MTL_FAST_MATH = YES;
				SDKROOT = macosx;
				SWIFT_COMPILATION_MODE = wholemodule;
			};
			name = Release;
		};
		03D987CA2C03886C002A75A6 /* Debug */ = {
			isa = XCBuildConfiguration;
			buildSettings = {
				ASSETCATALOG_COMPILER_APPICON_NAME = AppIcon;
				ASSETCATALOG_COMPILER_GLOBAL_ACCENT_COLOR_NAME = AccentColor;
				CODE_SIGN_ENTITLEMENTS = GlucoTrack/GlucoTrack.entitlements;
				CODE_SIGN_STYLE = Automatic;
				COMBINE_HIDPI_IMAGES = YES;
				CURRENT_PROJECT_VERSION = 1;
				DEAD_CODE_STRIPPING = YES;
				DEVELOPMENT_ASSET_PATHS = "\"GlucoTrack/Preview Content\"";
				DEVELOPMENT_TEAM = B3NH98QL9A;
				ENABLE_HARDENED_RUNTIME = YES;
				ENABLE_PREVIEWS = YES;
				GENERATE_INFOPLIST_FILE = YES;
				INFOPLIST_KEY_LSApplicationCategoryType = "public.app-category.healthcare-fitness";
				INFOPLIST_KEY_NSHumanReadableCopyright = "";
				LD_RUNPATH_SEARCH_PATHS = (
					"$(inherited)",
					"@executable_path/../Frameworks",
				);
				MACOSX_DEPLOYMENT_TARGET = 15.0;
				MARKETING_VERSION = 1.0;
				PRODUCT_BUNDLE_IDENTIFIER = com.joshrootdev.GlucoTrack;
				PRODUCT_NAME = "$(TARGET_NAME)";
				SWIFT_EMIT_LOC_STRINGS = YES;
				SWIFT_VERSION = 6.0;
			};
			name = Debug;
		};
		03D987CB2C03886C002A75A6 /* Release */ = {
			isa = XCBuildConfiguration;
			buildSettings = {
				ASSETCATALOG_COMPILER_APPICON_NAME = AppIcon;
				ASSETCATALOG_COMPILER_GLOBAL_ACCENT_COLOR_NAME = AccentColor;
				CODE_SIGN_ENTITLEMENTS = GlucoTrack/GlucoTrack.entitlements;
				CODE_SIGN_STYLE = Automatic;
				COMBINE_HIDPI_IMAGES = YES;
				CURRENT_PROJECT_VERSION = 1;
				DEAD_CODE_STRIPPING = YES;
				DEVELOPMENT_ASSET_PATHS = "\"GlucoTrack/Preview Content\"";
				DEVELOPMENT_TEAM = B3NH98QL9A;
				ENABLE_HARDENED_RUNTIME = YES;
				ENABLE_PREVIEWS = YES;
				GENERATE_INFOPLIST_FILE = YES;
				INFOPLIST_KEY_LSApplicationCategoryType = "public.app-category.healthcare-fitness";
				INFOPLIST_KEY_NSHumanReadableCopyright = "";
				LD_RUNPATH_SEARCH_PATHS = (
					"$(inherited)",
					"@executable_path/../Frameworks",
				);
				MACOSX_DEPLOYMENT_TARGET = 15.0;
				MARKETING_VERSION = 1.0;
				PRODUCT_BUNDLE_IDENTIFIER = com.joshrootdev.GlucoTrack;
				PRODUCT_NAME = "$(TARGET_NAME)";
				SWIFT_EMIT_LOC_STRINGS = YES;
				SWIFT_VERSION = 6.0;
			};
			name = Release;
		};
		03D987CD2C03886C002A75A6 /* Debug */ = {
			isa = XCBuildConfiguration;
			buildSettings = {
				BUNDLE_LOADER = "$(TEST_HOST)";
				CODE_SIGN_STYLE = Automatic;
				CURRENT_PROJECT_VERSION = 1;
				DEAD_CODE_STRIPPING = YES;
				DEVELOPMENT_TEAM = B3NH98QL9A;
				GENERATE_INFOPLIST_FILE = YES;
				MACOSX_DEPLOYMENT_TARGET = 14.5;
				MARKETING_VERSION = 1.0;
				PRODUCT_BUNDLE_IDENTIFIER = com.joshrootdev.GlucoTrackTests;
				PRODUCT_NAME = "$(TARGET_NAME)";
				SWIFT_EMIT_LOC_STRINGS = NO;
				SWIFT_VERSION = 5.0;
				TEST_HOST = "$(BUILT_PRODUCTS_DIR)/GlucoTrack.app/$(BUNDLE_EXECUTABLE_FOLDER_PATH)/GlucoTrack";
			};
			name = Debug;
		};
		03D987CE2C03886C002A75A6 /* Release */ = {
			isa = XCBuildConfiguration;
			buildSettings = {
				BUNDLE_LOADER = "$(TEST_HOST)";
				CODE_SIGN_STYLE = Automatic;
				CURRENT_PROJECT_VERSION = 1;
				DEAD_CODE_STRIPPING = YES;
				DEVELOPMENT_TEAM = B3NH98QL9A;
				GENERATE_INFOPLIST_FILE = YES;
				MACOSX_DEPLOYMENT_TARGET = 14.5;
				MARKETING_VERSION = 1.0;
				PRODUCT_BUNDLE_IDENTIFIER = com.joshrootdev.GlucoTrackTests;
				PRODUCT_NAME = "$(TARGET_NAME)";
				SWIFT_EMIT_LOC_STRINGS = NO;
				SWIFT_VERSION = 5.0;
				TEST_HOST = "$(BUILT_PRODUCTS_DIR)/GlucoTrack.app/$(BUNDLE_EXECUTABLE_FOLDER_PATH)/GlucoTrack";
			};
			name = Release;
		};
		03D987D02C03886C002A75A6 /* Debug */ = {
			isa = XCBuildConfiguration;
			buildSettings = {
				CODE_SIGN_STYLE = Automatic;
				CURRENT_PROJECT_VERSION = 1;
				DEAD_CODE_STRIPPING = YES;
				DEVELOPMENT_TEAM = B3NH98QL9A;
				GENERATE_INFOPLIST_FILE = YES;
				MARKETING_VERSION = 1.0;
				PRODUCT_BUNDLE_IDENTIFIER = com.joshrootdev.GlucoTrackUITests;
				PRODUCT_NAME = "$(TARGET_NAME)";
				SWIFT_EMIT_LOC_STRINGS = NO;
				SWIFT_VERSION = 5.0;
				TEST_TARGET_NAME = GlucoTrack;
			};
			name = Debug;
		};
		03D987D12C03886C002A75A6 /* Release */ = {
			isa = XCBuildConfiguration;
			buildSettings = {
				CODE_SIGN_STYLE = Automatic;
				CURRENT_PROJECT_VERSION = 1;
				DEAD_CODE_STRIPPING = YES;
				DEVELOPMENT_TEAM = B3NH98QL9A;
				GENERATE_INFOPLIST_FILE = YES;
				MARKETING_VERSION = 1.0;
				PRODUCT_BUNDLE_IDENTIFIER = com.joshrootdev.GlucoTrackUITests;
				PRODUCT_NAME = "$(TARGET_NAME)";
				SWIFT_EMIT_LOC_STRINGS = NO;
				SWIFT_VERSION = 5.0;
				TEST_TARGET_NAME = GlucoTrack;
			};
			name = Release;
		};
/* End XCBuildConfiguration section */

/* Begin XCConfigurationList section */
		03D9879A2C03886B002A75A6 /* Build configuration list for PBXProject "GlucoTrack" */ = {
			isa = XCConfigurationList;
			buildConfigurations = (
				03D987C72C03886C002A75A6 /* Debug */,
				03D987C82C03886C002A75A6 /* Release */,
			);
			defaultConfigurationIsVisible = 0;
			defaultConfigurationName = Release;
		};
		03D987C92C03886C002A75A6 /* Build configuration list for PBXNativeTarget "GlucoTrack" */ = {
			isa = XCConfigurationList;
			buildConfigurations = (
				03D987CA2C03886C002A75A6 /* Debug */,
				03D987CB2C03886C002A75A6 /* Release */,
			);
			defaultConfigurationIsVisible = 0;
			defaultConfigurationName = Release;
		};
		03D987CC2C03886C002A75A6 /* Build configuration list for PBXNativeTarget "GlucoTrackTests" */ = {
			isa = XCConfigurationList;
			buildConfigurations = (
				03D987CD2C03886C002A75A6 /* Debug */,
				03D987CE2C03886C002A75A6 /* Release */,
			);
			defaultConfigurationIsVisible = 0;
			defaultConfigurationName = Release;
		};
		03D987CF2C03886C002A75A6 /* Build configuration list for PBXNativeTarget "GlucoTrackUITests" */ = {
			isa = XCConfigurationList;
			buildConfigurations = (
				03D987D02C03886C002A75A6 /* Debug */,
				03D987D12C03886C002A75A6 /* Release */,
			);
			defaultConfigurationIsVisible = 0;
			defaultConfigurationName = Release;
		};
/* End XCConfigurationList section */

/* Begin XCVersionGroup section */
		03D987AD2C03886C002A75A6 /* GlucoTrack.xcdatamodeld */ = {
			isa = XCVersionGroup;
			children = (
				03D987AE2C03886C002A75A6 /* GlucoTrack.xcdatamodel */,
			);
			currentVersion = 03D987AE2C03886C002A75A6 /* GlucoTrack.xcdatamodel */;
			path = GlucoTrack.xcdatamodeld;
			sourceTree = "<group>";
			versionGroupType = wrapper.xcdatamodel;
		};
/* End XCVersionGroup section */
	};
	rootObject = 03D987972C03886B002A75A6 /* Project object */;
}
