
Microsoft Visual Studio Solution File, Format Version 12.00
# Visual Studio Version 17
VisualStudioVersion = 17.0.31903.59
MinimumVisualStudioVersion = 10.0.40219.1
Project("{FAE04EC0-301F-11D3-BF4B-00C04F79EFBC}") = "BuggernautAPI", "BuggernautAPI\BuggernautAPI.csproj", "{57B26F76-FC9E-4857-928C-DBE1C28976BF}"
EndProject
Project("{FAE04EC0-301F-11D3-BF4B-00C04F79EFBC}") = "BuggernautDataAccess", "BuggernautDataAccess\BuggernautDataAccess.csproj", "{04867C2A-749D-44FC-974C-919EDDF32ACE}"
EndProject
Global
	GlobalSection(SolutionConfigurationPlatforms) = preSolution
		Debug|Any CPU = Debug|Any CPU
		Release|Any CPU = Release|Any CPU
	EndGlobalSection
	GlobalSection(SolutionProperties) = preSolution
		HideSolutionNode = FALSE
	EndGlobalSection
	GlobalSection(ProjectConfigurationPlatforms) = postSolution
		{57B26F76-FC9E-4857-928C-DBE1C28976BF}.Debug|Any CPU.ActiveCfg = Debug|Any CPU
		{57B26F76-FC9E-4857-928C-DBE1C28976BF}.Debug|Any CPU.Build.0 = Debug|Any CPU
		{57B26F76-FC9E-4857-928C-DBE1C28976BF}.Release|Any CPU.ActiveCfg = Release|Any CPU
		{57B26F76-FC9E-4857-928C-DBE1C28976BF}.Release|Any CPU.Build.0 = Release|Any CPU
		{04867C2A-749D-44FC-974C-919EDDF32ACE}.Debug|Any CPU.ActiveCfg = Debug|Any CPU
		{04867C2A-749D-44FC-974C-919EDDF32ACE}.Debug|Any CPU.Build.0 = Debug|Any CPU
		{04867C2A-749D-44FC-974C-919EDDF32ACE}.Release|Any CPU.ActiveCfg = Release|Any CPU
		{04867C2A-749D-44FC-974C-919EDDF32ACE}.Release|Any CPU.Build.0 = Release|Any CPU
	EndGlobalSection
EndGlobal
