
Microsoft Visual Studio Solution File, Format Version 12.00
# Visual Studio Version 17
VisualStudioVersion = 17.0.31903.59
MinimumVisualStudioVersion = 10.0.40219.1
Project("{FAE04EC0-301F-11D3-BF4B-00C04F79EFBC}") = "IMDataAccess", "IMDataAccess\IMDataAccess.csproj", "{11032A16-A134-4D69-AA9E-902A545D65D8}"
EndProject
Project("{FAE04EC0-301F-11D3-BF4B-00C04F79EFBC}") = "IndependenceMarket", "IndependenceMarket\IndependenceMarket.csproj", "{B872E5D7-57A3-4182-A1AC-9CD48228A4A4}"
EndProject
Global
	GlobalSection(SolutionConfigurationPlatforms) = preSolution
		Debug|Any CPU = Debug|Any CPU
		Release|Any CPU = Release|Any CPU
	EndGlobalSection
	GlobalSection(SolutionProperties) = preSolution
		HideSolutionNode = FALSE
	EndGlobalSection
	GlobalSection(ProjectConfigurationPlatforms) = postSolution
		{11032A16-A134-4D69-AA9E-902A545D65D8}.Debug|Any CPU.ActiveCfg = Debug|Any CPU
		{11032A16-A134-4D69-AA9E-902A545D65D8}.Debug|Any CPU.Build.0 = Debug|Any CPU
		{11032A16-A134-4D69-AA9E-902A545D65D8}.Release|Any CPU.ActiveCfg = Release|Any CPU
		{11032A16-A134-4D69-AA9E-902A545D65D8}.Release|Any CPU.Build.0 = Release|Any CPU
		{B872E5D7-57A3-4182-A1AC-9CD48228A4A4}.Debug|Any CPU.ActiveCfg = Debug|Any CPU
		{B872E5D7-57A3-4182-A1AC-9CD48228A4A4}.Debug|Any CPU.Build.0 = Debug|Any CPU
		{B872E5D7-57A3-4182-A1AC-9CD48228A4A4}.Release|Any CPU.ActiveCfg = Release|Any CPU
		{B872E5D7-57A3-4182-A1AC-9CD48228A4A4}.Release|Any CPU.Build.0 = Release|Any CPU
	EndGlobalSection
EndGlobal
