
Microsoft Visual Studio Solution File, Format Version 12.00
# Visual Studio Version 17
VisualStudioVersion = 17.0.31903.59
MinimumVisualStudioVersion = 10.0.40219.1
Project("{F184B08F-C81C-45F6-A57F-5ABD9991F28F}") = "RetailManager_WPF", "RetailManager_WPF\RetailManager_WPF.vbproj", "{B0E0B142-188F-478B-88D8-55A1FED3AFE2}"
EndProject
Project("{F184B08F-C81C-45F6-A57F-5ABD9991F28F}") = "RMDataAccess", "RMDataAccess\RMDataAccess.vbproj", "{F84C7534-DB43-4FED-92F4-497A78D4575E}"
EndProject
Global
	GlobalSection(SolutionConfigurationPlatforms) = preSolution
		Debug|Any CPU = Debug|Any CPU
		Release|Any CPU = Release|Any CPU
	EndGlobalSection
	GlobalSection(SolutionProperties) = preSolution
		HideSolutionNode = FALSE
	EndGlobalSection
	GlobalSection(ProjectConfigurationPlatforms) = postSolution
		{B0E0B142-188F-478B-88D8-55A1FED3AFE2}.Debug|Any CPU.ActiveCfg = Debug|Any CPU
		{B0E0B142-188F-478B-88D8-55A1FED3AFE2}.Debug|Any CPU.Build.0 = Debug|Any CPU
		{B0E0B142-188F-478B-88D8-55A1FED3AFE2}.Release|Any CPU.ActiveCfg = Release|Any CPU
		{B0E0B142-188F-478B-88D8-55A1FED3AFE2}.Release|Any CPU.Build.0 = Release|Any CPU
		{F84C7534-DB43-4FED-92F4-497A78D4575E}.Debug|Any CPU.ActiveCfg = Debug|Any CPU
		{F84C7534-DB43-4FED-92F4-497A78D4575E}.Debug|Any CPU.Build.0 = Debug|Any CPU
		{F84C7534-DB43-4FED-92F4-497A78D4575E}.Release|Any CPU.ActiveCfg = Release|Any CPU
		{F84C7534-DB43-4FED-92F4-497A78D4575E}.Release|Any CPU.Build.0 = Release|Any CPU
	EndGlobalSection
EndGlobal
