// !$*UTF8*$!
{
	archiveVersion = 1;
	classes = {
	};
	objectVersion = 56;
	objects = {

/* Begin PBXBuildFile section */
		03074C322B9A32DD00CF8410 /* IconButton.swift in Sources */ = {isa = PBXBuildFile; fileRef = 03074C312B9A32DD00CF8410 /* IconButton.swift */; };
		03074C3A2B9B8F3C00CF8410 /* AuthorSortOrderPicker.swift in Sources */ = {isa = PBXBuildFile; fileRef = 03074C392B9B8F3C00CF8410 /* AuthorSortOrderPicker.swift */; };
		03074C3D2B9B908600CF8410 /* AuthorSortCriteria.swift in Sources */ = {isa = PBXBuildFile; fileRef = 03074C3C2B9B908600CF8410 /* AuthorSortCriteria.swift */; };
		03074C4F2B9E67E700CF8410 /* GenreSortCriteria.swift in Sources */ = {isa = PBXBuildFile; fileRef = 03074C4E2B9E67E700CF8410 /* GenreSortCriteria.swift */; };
		03074C512B9E6A4300CF8410 /* GenreSortOrderPicker.swift in Sources */ = {isa = PBXBuildFile; fileRef = 03074C502B9E6A4300CF8410 /* GenreSortOrderPicker.swift */; };
		031E02752BBF4BFC007CBF5B /* iPhoneApp.swift in Sources */ = {isa = PBXBuildFile; fileRef = 031E02742BBF4BFC007CBF5B /* iPhoneApp.swift */; };
		031E02772BBF4C90007CBF5B /* AppSection.swift in Sources */ = {isa = PBXBuildFile; fileRef = 031E02762BBF4C90007CBF5B /* AppSection.swift */; };
		031E02792BBF5640007CBF5B /* iPadApp.swift in Sources */ = {isa = PBXBuildFile; fileRef = 031E02782BBF5640007CBF5B /* iPadApp.swift */; };
		031E027C2BBF5793007CBF5B /* Sidebar.swift in Sources */ = {isa = PBXBuildFile; fileRef = 031E027B2BBF5793007CBF5B /* Sidebar.swift */; };
		031E027E2BBF5BC7007CBF5B /* BooksNavigationLink.swift in Sources */ = {isa = PBXBuildFile; fileRef = 031E027D2BBF5BC7007CBF5B /* BooksNavigationLink.swift */; };
		031E02802BBF5CA3007CBF5B /* GenresNavigationLink.swift in Sources */ = {isa = PBXBuildFile; fileRef = 031E027F2BBF5CA3007CBF5B /* GenresNavigationLink.swift */; };
		031E02822BBF5D0A007CBF5B /* AuthorsNavigationLink.swift in Sources */ = {isa = PBXBuildFile; fileRef = 031E02812BBF5D0A007CBF5B /* AuthorsNavigationLink.swift */; };
		031E02842BBF5D7D007CBF5B /* HomeNavigationLink.swift in Sources */ = {isa = PBXBuildFile; fileRef = 031E02832BBF5D7D007CBF5B /* HomeNavigationLink.swift */; };
		031E02862BBF5E09007CBF5B /* BookListsNavigationLink.swift in Sources */ = {isa = PBXBuildFile; fileRef = 031E02852BBF5E09007CBF5B /* BookListsNavigationLink.swift */; };
		031E02882BBF5E93007CBF5B /* FavoritesNavigationLink.swift in Sources */ = {isa = PBXBuildFile; fileRef = 031E02872BBF5E93007CBF5B /* FavoritesNavigationLink.swift */; };
		031E028A2BBF60C1007CBF5B /* MacApp.swift in Sources */ = {isa = PBXBuildFile; fileRef = 031E02892BBF60C1007CBF5B /* MacApp.swift */; };
		03258E0F2BBFF9E8002FEBF3 /* MacAppDelegate.swift in Sources */ = {isa = PBXBuildFile; fileRef = 03258E0E2BBFF9E8002FEBF3 /* MacAppDelegate.swift */; platformFilters = (macos, ); };
		03258E112BC0042E002FEBF3 /* BookListSortCriteria.swift in Sources */ = {isa = PBXBuildFile; fileRef = 03258E102BC0042E002FEBF3 /* BookListSortCriteria.swift */; };
		03258E132BC132E8002FEBF3 /* BookListsSortOrderPicker.swift in Sources */ = {isa = PBXBuildFile; fileRef = 03258E122BC132E8002FEBF3 /* BookListsSortOrderPicker.swift */; };
		034F89B52BB1CF650012DE15 /* DataHelper.swift in Sources */ = {isa = PBXBuildFile; fileRef = 034F89B42BB1CF650012DE15 /* DataHelper.swift */; };
		035405312BBA0A7500C9739C /* GlobalState.swift in Sources */ = {isa = PBXBuildFile; fileRef = 035405302BBA0A7500C9739C /* GlobalState.swift */; };
		036F0A5D2BBF9995005C91AD /* MobileAppDelegate.swift in Sources */ = {isa = PBXBuildFile; fileRef = 036F0A5C2BBF9995005C91AD /* MobileAppDelegate.swift */; platformFilter = ios; };
		038651882BBA534E00037BAE /* CellType.swift in Sources */ = {isa = PBXBuildFile; fileRef = 038651872BBA534E00037BAE /* CellType.swift */; };
		03B2ADD52B84CA4500BB3894 /* BookBucketApp.swift in Sources */ = {isa = PBXBuildFile; fileRef = 03B2ADD42B84CA4500BB3894 /* BookBucketApp.swift */; };
		03B2ADDB2B84CA4600BB3894 /* Assets.xcassets in Resources */ = {isa = PBXBuildFile; fileRef = 03B2ADDA2B84CA4600BB3894 /* Assets.xcassets */; };
		03B2ADDE2B84CA4600BB3894 /* Preview Assets.xcassets in Resources */ = {isa = PBXBuildFile; fileRef = 03B2ADDD2B84CA4600BB3894 /* Preview Assets.xcassets */; };
		03B2ADE92B84CBC500BB3894 /* Author.swift in Sources */ = {isa = PBXBuildFile; fileRef = 03B2ADE52B84CBC500BB3894 /* Author.swift */; };
		03B2ADEA2B84CBC500BB3894 /* BookList.swift in Sources */ = {isa = PBXBuildFile; fileRef = 03B2ADE62B84CBC500BB3894 /* BookList.swift */; };
		03B2ADEB2B84CBC500BB3894 /* Book.swift in Sources */ = {isa = PBXBuildFile; fileRef = 03B2ADE72B84CBC500BB3894 /* Book.swift */; };
		03B2ADEC2B84CBC500BB3894 /* Genre.swift in Sources */ = {isa = PBXBuildFile; fileRef = 03B2ADE82B84CBC500BB3894 /* Genre.swift */; };
		03DBB33E2BAA9ABE0069286D /* BookFormatPicker.swift in Sources */ = {isa = PBXBuildFile; fileRef = 03DBB33D2BAA9ABE0069286D /* BookFormatPicker.swift */; };
		03DBB3402BAB49B10069286D /* BookCoverImagePicker.swift in Sources */ = {isa = PBXBuildFile; fileRef = 03DBB33F2BAB49B10069286D /* BookCoverImagePicker.swift */; platformFilter = ios; };
		03DBB3462BACE5B10069286D /* BookSortCriteria.swift in Sources */ = {isa = PBXBuildFile; fileRef = 03DBB3452BACE5B10069286D /* BookSortCriteria.swift */; };
		03DBB3482BACE90B0069286D /* BookSortOrderPicker.swift in Sources */ = {isa = PBXBuildFile; fileRef = 03DBB3472BACE90B0069286D /* BookSortOrderPicker.swift */; };
/* End PBXBuildFile section */

/* Begin PBXFileReference section */
		03074C312B9A32DD00CF8410 /* IconButton.swift */ = {isa = PBXFileReference; lastKnownFileType = sourcecode.swift; path = IconButton.swift; sourceTree = "<group>"; };
		03074C392B9B8F3C00CF8410 /* AuthorSortOrderPicker.swift */ = {isa = PBXFileReference; lastKnownFileType = sourcecode.swift; path = AuthorSortOrderPicker.swift; sourceTree = "<group>"; };
		03074C3C2B9B908600CF8410 /* AuthorSortCriteria.swift */ = {isa = PBXFileReference; lastKnownFileType = sourcecode.swift; path = AuthorSortCriteria.swift; sourceTree = "<group>"; };
		03074C4E2B9E67E700CF8410 /* GenreSortCriteria.swift */ = {isa = PBXFileReference; lastKnownFileType = sourcecode.swift; path = GenreSortCriteria.swift; sourceTree = "<group>"; };
		03074C502B9E6A4300CF8410 /* GenreSortOrderPicker.swift */ = {isa = PBXFileReference; lastKnownFileType = sourcecode.swift; path = GenreSortOrderPicker.swift; sourceTree = "<group>"; };
		031E02742BBF4BFC007CBF5B /* iPhoneApp.swift */ = {isa = PBXFileReference; lastKnownFileType = sourcecode.swift; path = iPhoneApp.swift; sourceTree = "<group>"; };
		031E02762BBF4C90007CBF5B /* AppSection.swift */ = {isa = PBXFileReference; lastKnownFileType = sourcecode.swift; path = AppSection.swift; sourceTree = "<group>"; };
		031E02782BBF5640007CBF5B /* iPadApp.swift */ = {isa = PBXFileReference; lastKnownFileType = sourcecode.swift; path = iPadApp.swift; sourceTree = "<group>"; };
		031E027B2BBF5793007CBF5B /* Sidebar.swift */ = {isa = PBXFileReference; lastKnownFileType = sourcecode.swift; path = Sidebar.swift; sourceTree = "<group>"; };
		031E027D2BBF5BC7007CBF5B /* BooksNavigationLink.swift */ = {isa = PBXFileReference; lastKnownFileType = sourcecode.swift; path = BooksNavigationLink.swift; sourceTree = "<group>"; };
		031E027F2BBF5CA3007CBF5B /* GenresNavigationLink.swift */ = {isa = PBXFileReference; lastKnownFileType = sourcecode.swift; path = GenresNavigationLink.swift; sourceTree = "<group>"; };
		031E02812BBF5D0A007CBF5B /* AuthorsNavigationLink.swift */ = {isa = PBXFileReference; lastKnownFileType = sourcecode.swift; path = AuthorsNavigationLink.swift; sourceTree = "<group>"; };
		031E02832BBF5D7D007CBF5B /* HomeNavigationLink.swift */ = {isa = PBXFileReference; lastKnownFileType = sourcecode.swift; path = HomeNavigationLink.swift; sourceTree = "<group>"; };
		031E02852BBF5E09007CBF5B /* BookListsNavigationLink.swift */ = {isa = PBXFileReference; lastKnownFileType = sourcecode.swift; path = BookListsNavigationLink.swift; sourceTree = "<group>"; };
		031E02872BBF5E93007CBF5B /* FavoritesNavigationLink.swift */ = {isa = PBXFileReference; lastKnownFileType = sourcecode.swift; path = FavoritesNavigationLink.swift; sourceTree = "<group>"; };
		031E02892BBF60C1007CBF5B /* MacApp.swift */ = {isa = PBXFileReference; lastKnownFileType = sourcecode.swift; path = MacApp.swift; sourceTree = "<group>"; };
		03258E0E2BBFF9E8002FEBF3 /* MacAppDelegate.swift */ = {isa = PBXFileReference; lastKnownFileType = sourcecode.swift; path = MacAppDelegate.swift; sourceTree = "<group>"; };
		03258E102BC0042E002FEBF3 /* BookListSortCriteria.swift */ = {isa = PBXFileReference; lastKnownFileType = sourcecode.swift; path = BookListSortCriteria.swift; sourceTree = "<group>"; };
		03258E122BC132E8002FEBF3 /* BookListsSortOrderPicker.swift */ = {isa = PBXFileReference; lastKnownFileType = sourcecode.swift; path = BookListsSortOrderPicker.swift; sourceTree = "<group>"; };
		034F89B42BB1CF650012DE15 /* DataHelper.swift */ = {isa = PBXFileReference; lastKnownFileType = sourcecode.swift; path = DataHelper.swift; sourceTree = "<group>"; };
		035405302BBA0A7500C9739C /* GlobalState.swift */ = {isa = PBXFileReference; lastKnownFileType = sourcecode.swift; path = GlobalState.swift; sourceTree = "<group>"; };
		036F0A5B2BBF687F005C91AD /* BookBucket.entitlements */ = {isa = PBXFileReference; lastKnownFileType = text.plist.entitlements; path = BookBucket.entitlements; sourceTree = "<group>"; };
		036F0A5C2BBF9995005C91AD /* MobileAppDelegate.swift */ = {isa = PBXFileReference; lastKnownFileType = sourcecode.swift; path = MobileAppDelegate.swift; sourceTree = "<group>"; };
		038651872BBA534E00037BAE /* CellType.swift */ = {isa = PBXFileReference; lastKnownFileType = sourcecode.swift; path = CellType.swift; sourceTree = "<group>"; };
		03B2ADD12B84CA4500BB3894 /* BookBucket.app */ = {isa = PBXFileReference; explicitFileType = wrapper.application; includeInIndex = 0; path = BookBucket.app; sourceTree = BUILT_PRODUCTS_DIR; };
		03B2ADD42B84CA4500BB3894 /* BookBucketApp.swift */ = {isa = PBXFileReference; lastKnownFileType = sourcecode.swift; path = BookBucketApp.swift; sourceTree = "<group>"; };
		03B2ADDA2B84CA4600BB3894 /* Assets.xcassets */ = {isa = PBXFileReference; lastKnownFileType = folder.assetcatalog; path = Assets.xcassets; sourceTree = "<group>"; };
		03B2ADDD2B84CA4600BB3894 /* Preview Assets.xcassets */ = {isa = PBXFileReference; lastKnownFileType = folder.assetcatalog; path = "Preview Assets.xcassets"; sourceTree = "<group>"; };
		03B2ADE52B84CBC500BB3894 /* Author.swift */ = {isa = PBXFileReference; fileEncoding = 4; lastKnownFileType = sourcecode.swift; path = Author.swift; sourceTree = "<group>"; };
		03B2ADE62B84CBC500BB3894 /* BookList.swift */ = {isa = PBXFileReference; fileEncoding = 4; lastKnownFileType = sourcecode.swift; path = BookList.swift; sourceTree = "<group>"; };
		03B2ADE72B84CBC500BB3894 /* Book.swift */ = {isa = PBXFileReference; fileEncoding = 4; lastKnownFileType = sourcecode.swift; path = Book.swift; sourceTree = "<group>"; };
		03B2ADE82B84CBC500BB3894 /* Genre.swift */ = {isa = PBXFileReference; fileEncoding = 4; lastKnownFileType = sourcecode.swift; path = Genre.swift; sourceTree = "<group>"; };
		03DBB33D2BAA9ABE0069286D /* BookFormatPicker.swift */ = {isa = PBXFileReference; lastKnownFileType = sourcecode.swift; path = BookFormatPicker.swift; sourceTree = "<group>"; };
		03DBB33F2BAB49B10069286D /* BookCoverImagePicker.swift */ = {isa = PBXFileReference; lastKnownFileType = sourcecode.swift; path = BookCoverImagePicker.swift; sourceTree = "<group>"; };
		03DBB3452BACE5B10069286D /* BookSortCriteria.swift */ = {isa = PBXFileReference; lastKnownFileType = sourcecode.swift; path = BookSortCriteria.swift; sourceTree = "<group>"; };
		03DBB3472BACE90B0069286D /* BookSortOrderPicker.swift */ = {isa = PBXFileReference; lastKnownFileType = sourcecode.swift; path = BookSortOrderPicker.swift; sourceTree = "<group>"; };
/* End PBXFileReference section */

/* Begin PBXFrameworksBuildPhase section */
		03B2ADCE2B84CA4500BB3894 /* Frameworks */ = {
			isa = PBXFrameworksBuildPhase;
			buildActionMask = 2147483647;
			files = (
			);
			runOnlyForDeploymentPostprocessing = 0;
		};
/* End PBXFrameworksBuildPhase section */

/* Begin PBXGroup section */
		03074C302B9A32A700CF8410 /* Controls */ = {
			isa = PBXGroup;
			children = (
				03258E152BC1351A002FEBF3 /* Buttons */,
				03258E142BC13503002FEBF3 /* Pickers */,
			);
			path = Controls;
			sourceTree = "<group>";
		};
		03074C3B2B9B906100CF8410 /* Enumerations */ = {
			isa = PBXGroup;
			children = (
				03074C3C2B9B908600CF8410 /* AuthorSortCriteria.swift */,
				03074C4E2B9E67E700CF8410 /* GenreSortCriteria.swift */,
				03DBB3452BACE5B10069286D /* BookSortCriteria.swift */,
				038651872BBA534E00037BAE /* CellType.swift */,
				031E02762BBF4C90007CBF5B /* AppSection.swift */,
				03258E102BC0042E002FEBF3 /* BookListSortCriteria.swift */,
			);
			path = Enumerations;
			sourceTree = "<group>";
		};
		031E02732BBF4BCF007CBF5B /* Apps */ = {
			isa = PBXGroup;
			children = (
				031E02742BBF4BFC007CBF5B /* iPhoneApp.swift */,
				031E02782BBF5640007CBF5B /* iPadApp.swift */,
				031E02892BBF60C1007CBF5B /* MacApp.swift */,
			);
			path = Apps;
			sourceTree = "<group>";
		};
		031E027A2BBF576F007CBF5B /* Navigation */ = {
			isa = PBXGroup;
			children = (
				031E027B2BBF5793007CBF5B /* Sidebar.swift */,
				031E02872BBF5E93007CBF5B /* FavoritesNavigationLink.swift */,
				031E02852BBF5E09007CBF5B /* BookListsNavigationLink.swift */,
				031E027D2BBF5BC7007CBF5B /* BooksNavigationLink.swift */,
				031E027F2BBF5CA3007CBF5B /* GenresNavigationLink.swift */,
				031E02812BBF5D0A007CBF5B /* AuthorsNavigationLink.swift */,
				031E02832BBF5D7D007CBF5B /* HomeNavigationLink.swift */,
			);
			path = Navigation;
			sourceTree = "<group>";
		};
		03258E142BC13503002FEBF3 /* Pickers */ = {
			isa = PBXGroup;
			children = (
				03074C392B9B8F3C00CF8410 /* AuthorSortOrderPicker.swift */,
				03074C502B9E6A4300CF8410 /* GenreSortOrderPicker.swift */,
				03DBB33D2BAA9ABE0069286D /* BookFormatPicker.swift */,
				03DBB33F2BAB49B10069286D /* BookCoverImagePicker.swift */,
				03DBB3472BACE90B0069286D /* BookSortOrderPicker.swift */,
				03258E122BC132E8002FEBF3 /* BookListsSortOrderPicker.swift */,
			);
			path = Pickers;
			sourceTree = "<group>";
		};
		03258E152BC1351A002FEBF3 /* Buttons */ = {
			isa = PBXGroup;
			children = (
				03074C312B9A32DD00CF8410 /* IconButton.swift */,
			);
			path = Buttons;
			sourceTree = "<group>";
		};
		03258E162BC1355B002FEBF3 /* Delegates */ = {
			isa = PBXGroup;
			children = (
				036F0A5C2BBF9995005C91AD /* MobileAppDelegate.swift */,
				03258E0E2BBFF9E8002FEBF3 /* MacAppDelegate.swift */,
			);
			path = Delegates;
			sourceTree = "<group>";
		};
		034F89B32BB1CF070012DE15 /* Data */ = {
			isa = PBXGroup;
			children = (
				034F89B42BB1CF650012DE15 /* DataHelper.swift */,
			);
			path = Data;
			sourceTree = "<group>";
		};
		03B2ADC82B84CA4500BB3894 = {
			isa = PBXGroup;
			children = (
				03B2ADD32B84CA4500BB3894 /* BookBucket */,
				03B2ADD22B84CA4500BB3894 /* Products */,
			);
			sourceTree = "<group>";
		};
		03B2ADD22B84CA4500BB3894 /* Products */ = {
			isa = PBXGroup;
			children = (
				03B2ADD12B84CA4500BB3894 /* BookBucket.app */,
			);
			name = Products;
			sourceTree = "<group>";
		};
		03B2ADD32B84CA4500BB3894 /* BookBucket */ = {
			isa = PBXGroup;
			children = (
				036F0A5B2BBF687F005C91AD /* BookBucket.entitlements */,
				031E027A2BBF576F007CBF5B /* Navigation */,
				031E02732BBF4BCF007CBF5B /* Apps */,
				034F89B32BB1CF070012DE15 /* Data */,
				03074C3B2B9B906100CF8410 /* Enumerations */,
				03074C302B9A32A700CF8410 /* Controls */,
				03B2ADE42B84CA9100BB3894 /* Models */,
				03B2ADD42B84CA4500BB3894 /* BookBucketApp.swift */,
				03258E162BC1355B002FEBF3 /* Delegates */,
				035405302BBA0A7500C9739C /* GlobalState.swift */,
				03B2ADDA2B84CA4600BB3894 /* Assets.xcassets */,
				03B2ADDC2B84CA4600BB3894 /* Preview Content */,
			);
			path = BookBucket;
			sourceTree = "<group>";
		};
		03B2ADDC2B84CA4600BB3894 /* Preview Content */ = {
			isa = PBXGroup;
			children = (
				03B2ADDD2B84CA4600BB3894 /* Preview Assets.xcassets */,
			);
			path = "Preview Content";
			sourceTree = "<group>";
		};
		03B2ADE42B84CA9100BB3894 /* Models */ = {
			isa = PBXGroup;
			children = (
				03B2ADE52B84CBC500BB3894 /* Author.swift */,
				03B2ADE72B84CBC500BB3894 /* Book.swift */,
				03B2ADE62B84CBC500BB3894 /* BookList.swift */,
				03B2ADE82B84CBC500BB3894 /* Genre.swift */,
			);
			path = Models;
			sourceTree = "<group>";
		};
/* End PBXGroup section */

/* Begin PBXNativeTarget section */
		03B2ADD02B84CA4500BB3894 /* BookBucket */ = {
			isa = PBXNativeTarget;
			buildConfigurationList = 03B2ADE12B84CA4600BB3894 /* Build configuration list for PBXNativeTarget "BookBucket" */;
			buildPhases = (
				03B2ADCD2B84CA4500BB3894 /* Sources */,
				03B2ADCE2B84CA4500BB3894 /* Frameworks */,
				03B2ADCF2B84CA4500BB3894 /* Resources */,
			);
			buildRules = (
			);
			dependencies = (
			);
			name = BookBucket;
			packageProductDependencies = (
			);
			productName = BookBucket;
			productReference = 03B2ADD12B84CA4500BB3894 /* BookBucket.app */;
			productType = "com.apple.product-type.application";
		};
/* End PBXNativeTarget section */

/* Begin PBXProject section */
		03B2ADC92B84CA4500BB3894 /* Project object */ = {
			isa = PBXProject;
			attributes = {
				BuildIndependentTargetsInParallel = 1;
				LastSwiftUpdateCheck = 1520;
				LastUpgradeCheck = 1520;
				TargetAttributes = {
					03B2ADD02B84CA4500BB3894 = {
						CreatedOnToolsVersion = 15.2;
					};
				};
			};
			buildConfigurationList = 03B2ADCC2B84CA4500BB3894 /* Build configuration list for PBXProject "BookBucket" */;
			compatibilityVersion = "Xcode 14.0";
			developmentRegion = en;
			hasScannedForEncodings = 0;
			knownRegions = (
				en,
				Base,
			);
			mainGroup = 03B2ADC82B84CA4500BB3894;
			packageReferences = (
			);
			productRefGroup = 03B2ADD22B84CA4500BB3894 /* Products */;
			projectDirPath = "";
			projectRoot = "";
			targets = (
				03B2ADD02B84CA4500BB3894 /* BookBucket */,
			);
		};
/* End PBXProject section */

/* Begin PBXResourcesBuildPhase section */
		03B2ADCF2B84CA4500BB3894 /* Resources */ = {
			isa = PBXResourcesBuildPhase;
			buildActionMask = 2147483647;
			files = (
				03B2ADDE2B84CA4600BB3894 /* Preview Assets.xcassets in Resources */,
				03B2ADDB2B84CA4600BB3894 /* Assets.xcassets in Resources */,
			);
			runOnlyForDeploymentPostprocessing = 0;
		};
/* End PBXResourcesBuildPhase section */

/* Begin PBXSourcesBuildPhase section */
		03B2ADCD2B84CA4500BB3894 /* Sources */ = {
			isa = PBXSourcesBuildPhase;
			buildActionMask = 2147483647;
			files = (
				035405312BBA0A7500C9739C /* GlobalState.swift in Sources */,
				031E02772BBF4C90007CBF5B /* AppSection.swift in Sources */,
				03074C322B9A32DD00CF8410 /* IconButton.swift in Sources */,
				031E02752BBF4BFC007CBF5B /* iPhoneApp.swift in Sources */,
				031E02842BBF5D7D007CBF5B /* HomeNavigationLink.swift in Sources */,
				03B2ADEA2B84CBC500BB3894 /* BookList.swift in Sources */,
				034F89B52BB1CF650012DE15 /* DataHelper.swift in Sources */,
				03B2ADE92B84CBC500BB3894 /* Author.swift in Sources */,
				031E02802BBF5CA3007CBF5B /* GenresNavigationLink.swift in Sources */,
				03074C512B9E6A4300CF8410 /* GenreSortOrderPicker.swift in Sources */,
				031E027C2BBF5793007CBF5B /* Sidebar.swift in Sources */,
				03B2ADEC2B84CBC500BB3894 /* Genre.swift in Sources */,
				03DBB3462BACE5B10069286D /* BookSortCriteria.swift in Sources */,
				03258E132BC132E8002FEBF3 /* BookListsSortOrderPicker.swift in Sources */,
				03074C3D2B9B908600CF8410 /* AuthorSortCriteria.swift in Sources */,
				03DBB3482BACE90B0069286D /* BookSortOrderPicker.swift in Sources */,
				03074C3A2B9B8F3C00CF8410 /* AuthorSortOrderPicker.swift in Sources */,
				03DBB33E2BAA9ABE0069286D /* BookFormatPicker.swift in Sources */,
				031E02882BBF5E93007CBF5B /* FavoritesNavigationLink.swift in Sources */,
				03258E0F2BBFF9E8002FEBF3 /* MacAppDelegate.swift in Sources */,
				031E02792BBF5640007CBF5B /* iPadApp.swift in Sources */,
				03074C4F2B9E67E700CF8410 /* GenreSortCriteria.swift in Sources */,
				036F0A5D2BBF9995005C91AD /* MobileAppDelegate.swift in Sources */,
				031E028A2BBF60C1007CBF5B /* MacApp.swift in Sources */,
				03258E112BC0042E002FEBF3 /* BookListSortCriteria.swift in Sources */,
				03DBB3402BAB49B10069286D /* BookCoverImagePicker.swift in Sources */,
				031E027E2BBF5BC7007CBF5B /* BooksNavigationLink.swift in Sources */,
				038651882BBA534E00037BAE /* CellType.swift in Sources */,
				03B2ADEB2B84CBC500BB3894 /* Book.swift in Sources */,
				03B2ADD52B84CA4500BB3894 /* BookBucketApp.swift in Sources */,
				031E02862BBF5E09007CBF5B /* BookListsNavigationLink.swift in Sources */,
				031E02822BBF5D0A007CBF5B /* AuthorsNavigationLink.swift in Sources */,
			);
			runOnlyForDeploymentPostprocessing = 0;
		};
/* End PBXSourcesBuildPhase section */

/* Begin XCBuildConfiguration section */
		03B2ADDF2B84CA4600BB3894 /* Debug */ = {
			isa = XCBuildConfiguration;
			buildSettings = {
				ALWAYS_SEARCH_USER_PATHS = NO;
				ASSETCATALOG_COMPILER_GENERATE_SWIFT_ASSET_SYMBOL_EXTENSIONS = YES;
				CLANG_ANALYZER_NONNULL = YES;
				CLANG_ANALYZER_NUMBER_OBJECT_CONVERSION = YES_AGGRESSIVE;
				CLANG_CXX_LANGUAGE_STANDARD = "gnu++20";
				CLANG_ENABLE_MODULES = YES;
				CLANG_ENABLE_OBJC_ARC = YES;
				CLANG_ENABLE_OBJC_WEAK = YES;
				CLANG_WARN_BLOCK_CAPTURE_AUTORELEASING = YES;
				CLANG_WARN_BOOL_CONVERSION = YES;
				CLANG_WARN_COMMA = YES;
				CLANG_WARN_CONSTANT_CONVERSION = YES;
				CLANG_WARN_DEPRECATED_OBJC_IMPLEMENTATIONS = YES;
				CLANG_WARN_DIRECT_OBJC_ISA_USAGE = YES_ERROR;
				CLANG_WARN_DOCUMENTATION_COMMENTS = YES;
				CLANG_WARN_EMPTY_BODY = YES;
				CLANG_WARN_ENUM_CONVERSION = YES;
				CLANG_WARN_INFINITE_RECURSION = YES;
				CLANG_WARN_INT_CONVERSION = YES;
				CLANG_WARN_NON_LITERAL_NULL_CONVERSION = YES;
				CLANG_WARN_OBJC_IMPLICIT_RETAIN_SELF = YES;
				CLANG_WARN_OBJC_LITERAL_CONVERSION = YES;
				CLANG_WARN_OBJC_ROOT_CLASS = YES_ERROR;
				CLANG_WARN_QUOTED_INCLUDE_IN_FRAMEWORK_HEADER = YES;
				CLANG_WARN_RANGE_LOOP_ANALYSIS = YES;
				CLANG_WARN_STRICT_PROTOTYPES = YES;
				CLANG_WARN_SUSPICIOUS_MOVE = YES;
				CLANG_WARN_UNGUARDED_AVAILABILITY = YES_AGGRESSIVE;
				CLANG_WARN_UNREACHABLE_CODE = YES;
				CLANG_WARN__DUPLICATE_METHOD_MATCH = YES;
				COPY_PHASE_STRIP = NO;
				DEBUG_INFORMATION_FORMAT = dwarf;
				ENABLE_STRICT_OBJC_MSGSEND = YES;
				ENABLE_TESTABILITY = YES;
				ENABLE_USER_SCRIPT_SANDBOXING = YES;
				GCC_C_LANGUAGE_STANDARD = gnu17;
				GCC_DYNAMIC_NO_PIC = NO;
				GCC_NO_COMMON_BLOCKS = YES;
				GCC_OPTIMIZATION_LEVEL = 0;
				GCC_PREPROCESSOR_DEFINITIONS = (
					"DEBUG=1",
					"$(inherited)",
				);
				GCC_WARN_64_TO_32_BIT_CONVERSION = YES;
				GCC_WARN_ABOUT_RETURN_TYPE = YES_ERROR;
				GCC_WARN_UNDECLARED_SELECTOR = YES;
				GCC_WARN_UNINITIALIZED_AUTOS = YES_AGGRESSIVE;
				GCC_WARN_UNUSED_FUNCTION = YES;
				GCC_WARN_UNUSED_VARIABLE = YES;
				IPHONEOS_DEPLOYMENT_TARGET = 17.2;
				LOCALIZATION_PREFERS_STRING_CATALOGS = YES;
				MTL_ENABLE_DEBUG_INFO = INCLUDE_SOURCE;
				MTL_FAST_MATH = YES;
				ONLY_ACTIVE_ARCH = YES;
				SDKROOT = iphoneos;
				SWIFT_ACTIVE_COMPILATION_CONDITIONS = "DEBUG $(inherited)";
				SWIFT_OPTIMIZATION_LEVEL = "-Onone";
			};
			name = Debug;
		};
		03B2ADE02B84CA4600BB3894 /* Release */ = {
			isa = XCBuildConfiguration;
			buildSettings = {
				ALWAYS_SEARCH_USER_PATHS = NO;
				ASSETCATALOG_COMPILER_GENERATE_SWIFT_ASSET_SYMBOL_EXTENSIONS = YES;
				CLANG_ANALYZER_NONNULL = YES;
				CLANG_ANALYZER_NUMBER_OBJECT_CONVERSION = YES_AGGRESSIVE;
				CLANG_CXX_LANGUAGE_STANDARD = "gnu++20";
				CLANG_ENABLE_MODULES = YES;
				CLANG_ENABLE_OBJC_ARC = YES;
				CLANG_ENABLE_OBJC_WEAK = YES;
				CLANG_WARN_BLOCK_CAPTURE_AUTORELEASING = YES;
				CLANG_WARN_BOOL_CONVERSION = YES;
				CLANG_WARN_COMMA = YES;
				CLANG_WARN_CONSTANT_CONVERSION = YES;
				CLANG_WARN_DEPRECATED_OBJC_IMPLEMENTATIONS = YES;
				CLANG_WARN_DIRECT_OBJC_ISA_USAGE = YES_ERROR;
				CLANG_WARN_DOCUMENTATION_COMMENTS = YES;
				CLANG_WARN_EMPTY_BODY = YES;
				CLANG_WARN_ENUM_CONVERSION = YES;
				CLANG_WARN_INFINITE_RECURSION = YES;
				CLANG_WARN_INT_CONVERSION = YES;
				CLANG_WARN_NON_LITERAL_NULL_CONVERSION = YES;
				CLANG_WARN_OBJC_IMPLICIT_RETAIN_SELF = YES;
				CLANG_WARN_OBJC_LITERAL_CONVERSION = YES;
				CLANG_WARN_OBJC_ROOT_CLASS = YES_ERROR;
				CLANG_WARN_QUOTED_INCLUDE_IN_FRAMEWORK_HEADER = YES;
				CLANG_WARN_RANGE_LOOP_ANALYSIS = YES;
				CLANG_WARN_STRICT_PROTOTYPES = YES;
				CLANG_WARN_SUSPICIOUS_MOVE = YES;
				CLANG_WARN_UNGUARDED_AVAILABILITY = YES_AGGRESSIVE;
				CLANG_WARN_UNREACHABLE_CODE = YES;
				CLANG_WARN__DUPLICATE_METHOD_MATCH = YES;
				COPY_PHASE_STRIP = NO;
				DEBUG_INFORMATION_FORMAT = "dwarf-with-dsym";
				ENABLE_NS_ASSERTIONS = NO;
				ENABLE_STRICT_OBJC_MSGSEND = YES;
				ENABLE_USER_SCRIPT_SANDBOXING = YES;
				GCC_C_LANGUAGE_STANDARD = gnu17;
				GCC_NO_COMMON_BLOCKS = YES;
				GCC_WARN_64_TO_32_BIT_CONVERSION = YES;
				GCC_WARN_ABOUT_RETURN_TYPE = YES_ERROR;
				GCC_WARN_UNDECLARED_SELECTOR = YES;
				GCC_WARN_UNINITIALIZED_AUTOS = YES_AGGRESSIVE;
				GCC_WARN_UNUSED_FUNCTION = YES;
				GCC_WARN_UNUSED_VARIABLE = YES;
				IPHONEOS_DEPLOYMENT_TARGET = 17.2;
				LOCALIZATION_PREFERS_STRING_CATALOGS = YES;
				MTL_ENABLE_DEBUG_INFO = NO;
				MTL_FAST_MATH = YES;
				SDKROOT = iphoneos;
				SWIFT_COMPILATION_MODE = wholemodule;
				VALIDATE_PRODUCT = YES;
			};
			name = Release;
		};
		03B2ADE22B84CA4600BB3894 /* Debug */ = {
			isa = XCBuildConfiguration;
			buildSettings = {
				ASSETCATALOG_COMPILER_APPICON_NAME = AppIcon;
				ASSETCATALOG_COMPILER_GLOBAL_ACCENT_COLOR_NAME = AccentColor;
				CODE_SIGN_ENTITLEMENTS = BookBucket/BookBucket.entitlements;
				CODE_SIGN_STYLE = Automatic;
				CURRENT_PROJECT_VERSION = 1;
				DEVELOPMENT_ASSET_PATHS = "\"BookBucket/Preview Content\"";
				DEVELOPMENT_TEAM = B3NH98QL9A;
				ENABLE_PREVIEWS = YES;
				GENERATE_INFOPLIST_FILE = YES;
				INFOPLIST_KEY_CFBundleDisplayName = BookBucket;
				INFOPLIST_KEY_LSApplicationCategoryType = "public.app-category.books";
				INFOPLIST_KEY_UIApplicationSceneManifest_Generation = YES;
				INFOPLIST_KEY_UIApplicationSupportsIndirectInputEvents = YES;
				INFOPLIST_KEY_UILaunchScreen_Generation = YES;
				INFOPLIST_KEY_UISupportedInterfaceOrientations = "UIInterfaceOrientationLandscapeLeft UIInterfaceOrientationLandscapeRight UIInterfaceOrientationPortrait UIInterfaceOrientationPortraitUpsideDown";
				LD_RUNPATH_SEARCH_PATHS = (
					"$(inherited)",
					"@executable_path/Frameworks",
				);
				MARKETING_VERSION = 1.0;
				PRODUCT_BUNDLE_IDENTIFIER = com.joshrootdev.BookBucket;
				PRODUCT_NAME = "$(TARGET_NAME)";
				SUPPORTED_PLATFORMS = "iphoneos iphonesimulator macosx";
				SUPPORTS_MACCATALYST = NO;
				SUPPORTS_MAC_DESIGNED_FOR_IPHONE_IPAD = NO;
				SWIFT_EMIT_LOC_STRINGS = YES;
				SWIFT_VERSION = 5.0;
				TARGETED_DEVICE_FAMILY = "1,2";
			};
			name = Debug;
		};
		03B2ADE32B84CA4600BB3894 /* Release */ = {
			isa = XCBuildConfiguration;
			buildSettings = {
				ASSETCATALOG_COMPILER_APPICON_NAME = AppIcon;
				ASSETCATALOG_COMPILER_GLOBAL_ACCENT_COLOR_NAME = AccentColor;
				CODE_SIGN_ENTITLEMENTS = BookBucket/BookBucket.entitlements;
				CODE_SIGN_STYLE = Automatic;
				CURRENT_PROJECT_VERSION = 1;
				DEVELOPMENT_ASSET_PATHS = "\"BookBucket/Preview Content\"";
				DEVELOPMENT_TEAM = B3NH98QL9A;
				ENABLE_PREVIEWS = YES;
				GENERATE_INFOPLIST_FILE = YES;
				INFOPLIST_KEY_CFBundleDisplayName = BookBucket;
				INFOPLIST_KEY_LSApplicationCategoryType = "public.app-category.books";
				INFOPLIST_KEY_UIApplicationSceneManifest_Generation = YES;
				INFOPLIST_KEY_UIApplicationSupportsIndirectInputEvents = YES;
				INFOPLIST_KEY_UILaunchScreen_Generation = YES;
				INFOPLIST_KEY_UISupportedInterfaceOrientations = "UIInterfaceOrientationLandscapeLeft UIInterfaceOrientationLandscapeRight UIInterfaceOrientationPortrait UIInterfaceOrientationPortraitUpsideDown";
				LD_RUNPATH_SEARCH_PATHS = (
					"$(inherited)",
					"@executable_path/Frameworks",
				);
				MARKETING_VERSION = 1.0;
				PRODUCT_BUNDLE_IDENTIFIER = com.joshrootdev.BookBucket;
				PRODUCT_NAME = "$(TARGET_NAME)";
				SUPPORTED_PLATFORMS = "iphoneos iphonesimulator macosx";
				SUPPORTS_MACCATALYST = NO;
				SUPPORTS_MAC_DESIGNED_FOR_IPHONE_IPAD = NO;
				SWIFT_EMIT_LOC_STRINGS = YES;
				SWIFT_VERSION = 5.0;
				TARGETED_DEVICE_FAMILY = "1,2";
			};
			name = Release;
		};
/* End XCBuildConfiguration section */

/* Begin XCConfigurationList section */
		03B2ADCC2B84CA4500BB3894 /* Build configuration list for PBXProject "BookBucket" */ = {
			isa = XCConfigurationList;
			buildConfigurations = (
				03B2ADDF2B84CA4600BB3894 /* Debug */,
				03B2ADE02B84CA4600BB3894 /* Release */,
			);
			defaultConfigurationIsVisible = 0;
			defaultConfigurationName = Release;
		};
		03B2ADE12B84CA4600BB3894 /* Build configuration list for PBXNativeTarget "BookBucket" */ = {
			isa = XCConfigurationList;
			buildConfigurations = (
				03B2ADE22B84CA4600BB3894 /* Debug */,
				03B2ADE32B84CA4600BB3894 /* Release */,
			);
			defaultConfigurationIsVisible = 0;
			defaultConfigurationName = Release;
		};
/* End XCConfigurationList section */
	};
	rootObject = 03B2ADC92B84CA4500BB3894 /* Project object */;
}
