// !$*UTF8*$!
{
	archiveVersion = 1;
	classes = {
	};
	objectVersion = 56;
	objects = {

/* Begin PBXBuildFile section */
		03074C2F2B99CB1C00CF8410 /* AuthorCell.swift in Sources */ = {isa = PBXBuildFile; fileRef = 03074C2E2B99CB1C00CF8410 /* AuthorCell.swift */; };
		03074C322B9A32DD00CF8410 /* IconButton.swift in Sources */ = {isa = PBXBuildFile; fileRef = 03074C312B9A32DD00CF8410 /* IconButton.swift */; };
		03074C342B9A337800CF8410 /* EditAuthorScreen.swift in Sources */ = {isa = PBXBuildFile; fileRef = 03074C332B9A337800CF8410 /* EditAuthorScreen.swift */; };
		03074C362B9B331900CF8410 /* AuthorsList.swift in Sources */ = {isa = PBXBuildFile; fileRef = 03074C352B9B331900CF8410 /* AuthorsList.swift */; };
		03074C382B9B7F4800CF8410 /* AuthorsListScreen.swift in Sources */ = {isa = PBXBuildFile; fileRef = 03074C372B9B7F4800CF8410 /* AuthorsListScreen.swift */; };
		03074C3A2B9B8F3C00CF8410 /* AuthorSortOrderPicker.swift in Sources */ = {isa = PBXBuildFile; fileRef = 03074C392B9B8F3C00CF8410 /* AuthorSortOrderPicker.swift */; };
		03074C3D2B9B908600CF8410 /* AuthorSortCriteria.swift in Sources */ = {isa = PBXBuildFile; fileRef = 03074C3C2B9B908600CF8410 /* AuthorSortCriteria.swift */; };
		03074C3F2B9C99F500CF8410 /* AddAuthorScreen.swift in Sources */ = {isa = PBXBuildFile; fileRef = 03074C3E2B9C99F500CF8410 /* AddAuthorScreen.swift */; };
		03074C452B9E108100CF8410 /* AddGenreScreen.swift in Sources */ = {isa = PBXBuildFile; fileRef = 03074C442B9E108100CF8410 /* AddGenreScreen.swift */; };
		03074C472B9E10A800CF8410 /* EditGenreScreen.swift in Sources */ = {isa = PBXBuildFile; fileRef = 03074C462B9E10A800CF8410 /* EditGenreScreen.swift */; };
		03074C492B9E124E00CF8410 /* GenresListScreen.swift in Sources */ = {isa = PBXBuildFile; fileRef = 03074C482B9E124E00CF8410 /* GenresListScreen.swift */; };
		03074C4B2B9E13A400CF8410 /* GenresList.swift in Sources */ = {isa = PBXBuildFile; fileRef = 03074C4A2B9E13A400CF8410 /* GenresList.swift */; };
		03074C4D2B9E5CF300CF8410 /* GenreCell.swift in Sources */ = {isa = PBXBuildFile; fileRef = 03074C4C2B9E5CF300CF8410 /* GenreCell.swift */; };
		03074C4F2B9E67E700CF8410 /* GenreSortCriteria.swift in Sources */ = {isa = PBXBuildFile; fileRef = 03074C4E2B9E67E700CF8410 /* GenreSortCriteria.swift */; };
		03074C512B9E6A4300CF8410 /* GenreSortOrderPicker.swift in Sources */ = {isa = PBXBuildFile; fileRef = 03074C502B9E6A4300CF8410 /* GenreSortOrderPicker.swift */; };
		034A5E6C2BAA25E500D0B895 /* Sidebar.swift in Sources */ = {isa = PBXBuildFile; fileRef = 034A5E6B2BAA25E500D0B895 /* Sidebar.swift */; };
		034A5E6E2BAA485300D0B895 /* BookAuthorsPicker.swift in Sources */ = {isa = PBXBuildFile; fileRef = 034A5E6D2BAA485300D0B895 /* BookAuthorsPicker.swift */; };
		03B2ADD52B84CA4500BB3894 /* BookBucketApp.swift in Sources */ = {isa = PBXBuildFile; fileRef = 03B2ADD42B84CA4500BB3894 /* BookBucketApp.swift */; };
		03B2ADD72B84CA4500BB3894 /* ContentView.swift in Sources */ = {isa = PBXBuildFile; fileRef = 03B2ADD62B84CA4500BB3894 /* ContentView.swift */; };
		03B2ADDB2B84CA4600BB3894 /* Assets.xcassets in Resources */ = {isa = PBXBuildFile; fileRef = 03B2ADDA2B84CA4600BB3894 /* Assets.xcassets */; };
		03B2ADDE2B84CA4600BB3894 /* Preview Assets.xcassets in Resources */ = {isa = PBXBuildFile; fileRef = 03B2ADDD2B84CA4600BB3894 /* Preview Assets.xcassets */; };
		03B2ADE92B84CBC500BB3894 /* Author.swift in Sources */ = {isa = PBXBuildFile; fileRef = 03B2ADE52B84CBC500BB3894 /* Author.swift */; };
		03B2ADEA2B84CBC500BB3894 /* BookList.swift in Sources */ = {isa = PBXBuildFile; fileRef = 03B2ADE62B84CBC500BB3894 /* BookList.swift */; };
		03B2ADEB2B84CBC500BB3894 /* Book.swift in Sources */ = {isa = PBXBuildFile; fileRef = 03B2ADE72B84CBC500BB3894 /* Book.swift */; };
		03B2ADEC2B84CBC500BB3894 /* Genre.swift in Sources */ = {isa = PBXBuildFile; fileRef = 03B2ADE82B84CBC500BB3894 /* Genre.swift */; };
		03DBB33A2BAA8FF40069286D /* BookGenresPicker.swift in Sources */ = {isa = PBXBuildFile; fileRef = 03DBB3392BAA8FF40069286D /* BookGenresPicker.swift */; };
		03DBB33C2BAA93B90069286D /* AddBookScreen.swift in Sources */ = {isa = PBXBuildFile; fileRef = 03DBB33B2BAA93B90069286D /* AddBookScreen.swift */; };
		03DBB33E2BAA9ABE0069286D /* BookFormatPicker.swift in Sources */ = {isa = PBXBuildFile; fileRef = 03DBB33D2BAA9ABE0069286D /* BookFormatPicker.swift */; };
		03DBB3402BAB49B10069286D /* BookCoverImagePicker.swift in Sources */ = {isa = PBXBuildFile; fileRef = 03DBB33F2BAB49B10069286D /* BookCoverImagePicker.swift */; };
		03DBB3422BABE0AB0069286D /* IntegerField.swift in Sources */ = {isa = PBXBuildFile; fileRef = 03DBB3412BABE0AB0069286D /* IntegerField.swift */; };
		03DBB3442BACC2140069286D /* EditBookScreen.swift in Sources */ = {isa = PBXBuildFile; fileRef = 03DBB3432BACC2140069286D /* EditBookScreen.swift */; };
		03DBB3462BACE5B10069286D /* BookSortCriteria.swift in Sources */ = {isa = PBXBuildFile; fileRef = 03DBB3452BACE5B10069286D /* BookSortCriteria.swift */; };
		03DBB3482BACE90B0069286D /* BookSortOrderPicker.swift in Sources */ = {isa = PBXBuildFile; fileRef = 03DBB3472BACE90B0069286D /* BookSortOrderPicker.swift */; };
/* End PBXBuildFile section */

/* Begin PBXFileReference section */
		03074C2E2B99CB1C00CF8410 /* AuthorCell.swift */ = {isa = PBXFileReference; lastKnownFileType = sourcecode.swift; path = AuthorCell.swift; sourceTree = "<group>"; };
		03074C312B9A32DD00CF8410 /* IconButton.swift */ = {isa = PBXFileReference; lastKnownFileType = sourcecode.swift; path = IconButton.swift; sourceTree = "<group>"; };
		03074C332B9A337800CF8410 /* EditAuthorScreen.swift */ = {isa = PBXFileReference; lastKnownFileType = sourcecode.swift; path = EditAuthorScreen.swift; sourceTree = "<group>"; };
		03074C352B9B331900CF8410 /* AuthorsList.swift */ = {isa = PBXFileReference; lastKnownFileType = sourcecode.swift; path = AuthorsList.swift; sourceTree = "<group>"; };
		03074C372B9B7F4800CF8410 /* AuthorsListScreen.swift */ = {isa = PBXFileReference; lastKnownFileType = sourcecode.swift; path = AuthorsListScreen.swift; sourceTree = "<group>"; };
		03074C392B9B8F3C00CF8410 /* AuthorSortOrderPicker.swift */ = {isa = PBXFileReference; lastKnownFileType = sourcecode.swift; path = AuthorSortOrderPicker.swift; sourceTree = "<group>"; };
		03074C3C2B9B908600CF8410 /* AuthorSortCriteria.swift */ = {isa = PBXFileReference; lastKnownFileType = sourcecode.swift; path = AuthorSortCriteria.swift; sourceTree = "<group>"; };
		03074C3E2B9C99F500CF8410 /* AddAuthorScreen.swift */ = {isa = PBXFileReference; lastKnownFileType = sourcecode.swift; path = AddAuthorScreen.swift; sourceTree = "<group>"; };
		03074C442B9E108100CF8410 /* AddGenreScreen.swift */ = {isa = PBXFileReference; lastKnownFileType = sourcecode.swift; path = AddGenreScreen.swift; sourceTree = "<group>"; };
		03074C462B9E10A800CF8410 /* EditGenreScreen.swift */ = {isa = PBXFileReference; lastKnownFileType = sourcecode.swift; path = EditGenreScreen.swift; sourceTree = "<group>"; };
		03074C482B9E124E00CF8410 /* GenresListScreen.swift */ = {isa = PBXFileReference; lastKnownFileType = sourcecode.swift; path = GenresListScreen.swift; sourceTree = "<group>"; };
		03074C4A2B9E13A400CF8410 /* GenresList.swift */ = {isa = PBXFileReference; lastKnownFileType = sourcecode.swift; path = GenresList.swift; sourceTree = "<group>"; };
		03074C4C2B9E5CF300CF8410 /* GenreCell.swift */ = {isa = PBXFileReference; lastKnownFileType = sourcecode.swift; path = GenreCell.swift; sourceTree = "<group>"; };
		03074C4E2B9E67E700CF8410 /* GenreSortCriteria.swift */ = {isa = PBXFileReference; lastKnownFileType = sourcecode.swift; path = GenreSortCriteria.swift; sourceTree = "<group>"; };
		03074C502B9E6A4300CF8410 /* GenreSortOrderPicker.swift */ = {isa = PBXFileReference; lastKnownFileType = sourcecode.swift; path = GenreSortOrderPicker.swift; sourceTree = "<group>"; };
		034A5E6B2BAA25E500D0B895 /* Sidebar.swift */ = {isa = PBXFileReference; lastKnownFileType = sourcecode.swift; path = Sidebar.swift; sourceTree = "<group>"; };
		034A5E6D2BAA485300D0B895 /* BookAuthorsPicker.swift */ = {isa = PBXFileReference; lastKnownFileType = sourcecode.swift; path = BookAuthorsPicker.swift; sourceTree = "<group>"; };
		03B2ADD12B84CA4500BB3894 /* BookBucket.app */ = {isa = PBXFileReference; explicitFileType = wrapper.application; includeInIndex = 0; path = BookBucket.app; sourceTree = BUILT_PRODUCTS_DIR; };
		03B2ADD42B84CA4500BB3894 /* BookBucketApp.swift */ = {isa = PBXFileReference; lastKnownFileType = sourcecode.swift; path = BookBucketApp.swift; sourceTree = "<group>"; };
		03B2ADD62B84CA4500BB3894 /* ContentView.swift */ = {isa = PBXFileReference; lastKnownFileType = sourcecode.swift; path = ContentView.swift; sourceTree = "<group>"; };
		03B2ADDA2B84CA4600BB3894 /* Assets.xcassets */ = {isa = PBXFileReference; lastKnownFileType = folder.assetcatalog; path = Assets.xcassets; sourceTree = "<group>"; };
		03B2ADDD2B84CA4600BB3894 /* Preview Assets.xcassets */ = {isa = PBXFileReference; lastKnownFileType = folder.assetcatalog; path = "Preview Assets.xcassets"; sourceTree = "<group>"; };
		03B2ADE52B84CBC500BB3894 /* Author.swift */ = {isa = PBXFileReference; fileEncoding = 4; lastKnownFileType = sourcecode.swift; path = Author.swift; sourceTree = "<group>"; };
		03B2ADE62B84CBC500BB3894 /* BookList.swift */ = {isa = PBXFileReference; fileEncoding = 4; lastKnownFileType = sourcecode.swift; path = BookList.swift; sourceTree = "<group>"; };
		03B2ADE72B84CBC500BB3894 /* Book.swift */ = {isa = PBXFileReference; fileEncoding = 4; lastKnownFileType = sourcecode.swift; path = Book.swift; sourceTree = "<group>"; };
		03B2ADE82B84CBC500BB3894 /* Genre.swift */ = {isa = PBXFileReference; fileEncoding = 4; lastKnownFileType = sourcecode.swift; path = Genre.swift; sourceTree = "<group>"; };
		03DBB3392BAA8FF40069286D /* BookGenresPicker.swift */ = {isa = PBXFileReference; lastKnownFileType = sourcecode.swift; path = BookGenresPicker.swift; sourceTree = "<group>"; };
		03DBB33B2BAA93B90069286D /* AddBookScreen.swift */ = {isa = PBXFileReference; lastKnownFileType = sourcecode.swift; path = AddBookScreen.swift; sourceTree = "<group>"; };
		03DBB33D2BAA9ABE0069286D /* BookFormatPicker.swift */ = {isa = PBXFileReference; lastKnownFileType = sourcecode.swift; path = BookFormatPicker.swift; sourceTree = "<group>"; };
		03DBB33F2BAB49B10069286D /* BookCoverImagePicker.swift */ = {isa = PBXFileReference; lastKnownFileType = sourcecode.swift; path = BookCoverImagePicker.swift; sourceTree = "<group>"; };
		03DBB3412BABE0AB0069286D /* IntegerField.swift */ = {isa = PBXFileReference; lastKnownFileType = sourcecode.swift; path = IntegerField.swift; sourceTree = "<group>"; };
		03DBB3432BACC2140069286D /* EditBookScreen.swift */ = {isa = PBXFileReference; lastKnownFileType = sourcecode.swift; path = EditBookScreen.swift; sourceTree = "<group>"; };
		03DBB3452BACE5B10069286D /* BookSortCriteria.swift */ = {isa = PBXFileReference; lastKnownFileType = sourcecode.swift; path = BookSortCriteria.swift; sourceTree = "<group>"; };
		03DBB3472BACE90B0069286D /* BookSortOrderPicker.swift */ = {isa = PBXFileReference; lastKnownFileType = sourcecode.swift; path = BookSortOrderPicker.swift; sourceTree = "<group>"; };
/* End PBXFileReference section */

/* Begin PBXFrameworksBuildPhase section */
		03B2ADCE2B84CA4500BB3894 /* Frameworks */ = {
			isa = PBXFrameworksBuildPhase;
			buildActionMask = 2147483647;
			files = (
			);
			runOnlyForDeploymentPostprocessing = 0;
		};
/* End PBXFrameworksBuildPhase section */

/* Begin PBXGroup section */
		03074C2C2B99CAA400CF8410 /* Lists */ = {
			isa = PBXGroup;
			children = (
				03074C352B9B331900CF8410 /* AuthorsList.swift */,
				03074C4A2B9E13A400CF8410 /* GenresList.swift */,
				034A5E6B2BAA25E500D0B895 /* Sidebar.swift */,
			);
			path = Lists;
			sourceTree = "<group>";
		};
		03074C2D2B99CAD600CF8410 /* Cells */ = {
			isa = PBXGroup;
			children = (
				03074C2E2B99CB1C00CF8410 /* AuthorCell.swift */,
				03074C4C2B9E5CF300CF8410 /* GenreCell.swift */,
			);
			path = Cells;
			sourceTree = "<group>";
		};
		03074C302B9A32A700CF8410 /* Controls */ = {
			isa = PBXGroup;
			children = (
				03074C312B9A32DD00CF8410 /* IconButton.swift */,
				03074C392B9B8F3C00CF8410 /* AuthorSortOrderPicker.swift */,
				03074C502B9E6A4300CF8410 /* GenreSortOrderPicker.swift */,
				034A5E6D2BAA485300D0B895 /* BookAuthorsPicker.swift */,
				03DBB3392BAA8FF40069286D /* BookGenresPicker.swift */,
				03DBB33D2BAA9ABE0069286D /* BookFormatPicker.swift */,
				03DBB33F2BAB49B10069286D /* BookCoverImagePicker.swift */,
				03DBB3412BABE0AB0069286D /* IntegerField.swift */,
				03DBB3472BACE90B0069286D /* BookSortOrderPicker.swift */,
			);
			path = Controls;
			sourceTree = "<group>";
		};
		03074C3B2B9B906100CF8410 /* Enumerations */ = {
			isa = PBXGroup;
			children = (
				03074C3C2B9B908600CF8410 /* AuthorSortCriteria.swift */,
				03074C4E2B9E67E700CF8410 /* GenreSortCriteria.swift */,
				03DBB3452BACE5B10069286D /* BookSortCriteria.swift */,
			);
			path = Enumerations;
			sourceTree = "<group>";
		};
		03074C402B9DE74C00CF8410 /* Book */ = {
			isa = PBXGroup;
			children = (
				03DBB33B2BAA93B90069286D /* AddBookScreen.swift */,
				03DBB3432BACC2140069286D /* EditBookScreen.swift */,
			);
			path = Book;
			sourceTree = "<group>";
		};
		03074C432B9E105500CF8410 /* Genre */ = {
			isa = PBXGroup;
			children = (
				03074C442B9E108100CF8410 /* AddGenreScreen.swift */,
				03074C462B9E10A800CF8410 /* EditGenreScreen.swift */,
				03074C482B9E124E00CF8410 /* GenresListScreen.swift */,
			);
			path = Genre;
			sourceTree = "<group>";
		};
		03B2ADC82B84CA4500BB3894 = {
			isa = PBXGroup;
			children = (
				03B2ADD32B84CA4500BB3894 /* BookBucket */,
				03B2ADD22B84CA4500BB3894 /* Products */,
			);
			sourceTree = "<group>";
		};
		03B2ADD22B84CA4500BB3894 /* Products */ = {
			isa = PBXGroup;
			children = (
				03B2ADD12B84CA4500BB3894 /* BookBucket.app */,
			);
			name = Products;
			sourceTree = "<group>";
		};
		03B2ADD32B84CA4500BB3894 /* BookBucket */ = {
			isa = PBXGroup;
			children = (
				03074C3B2B9B906100CF8410 /* Enumerations */,
				03074C302B9A32A700CF8410 /* Controls */,
				03074C2D2B99CAD600CF8410 /* Cells */,
				03074C2C2B99CAA400CF8410 /* Lists */,
				03D3F6252B89D57F000BF48C /* Screens */,
				03B2ADE42B84CA9100BB3894 /* Models */,
				03B2ADD42B84CA4500BB3894 /* BookBucketApp.swift */,
				03B2ADD62B84CA4500BB3894 /* ContentView.swift */,
				03B2ADDA2B84CA4600BB3894 /* Assets.xcassets */,
				03B2ADDC2B84CA4600BB3894 /* Preview Content */,
			);
			path = BookBucket;
			sourceTree = "<group>";
		};
		03B2ADDC2B84CA4600BB3894 /* Preview Content */ = {
			isa = PBXGroup;
			children = (
				03B2ADDD2B84CA4600BB3894 /* Preview Assets.xcassets */,
			);
			path = "Preview Content";
			sourceTree = "<group>";
		};
		03B2ADE42B84CA9100BB3894 /* Models */ = {
			isa = PBXGroup;
			children = (
				03B2ADE52B84CBC500BB3894 /* Author.swift */,
				03B2ADE72B84CBC500BB3894 /* Book.swift */,
				03B2ADE62B84CBC500BB3894 /* BookList.swift */,
				03B2ADE82B84CBC500BB3894 /* Genre.swift */,
			);
			path = Models;
			sourceTree = "<group>";
		};
		03D3F6252B89D57F000BF48C /* Screens */ = {
			isa = PBXGroup;
			children = (
				03074C432B9E105500CF8410 /* Genre */,
				03074C402B9DE74C00CF8410 /* Book */,
				03D3F6262B89D5BF000BF48C /* Author */,
			);
			path = Screens;
			sourceTree = "<group>";
		};
		03D3F6262B89D5BF000BF48C /* Author */ = {
			isa = PBXGroup;
			children = (
				03074C332B9A337800CF8410 /* EditAuthorScreen.swift */,
				03074C372B9B7F4800CF8410 /* AuthorsListScreen.swift */,
				03074C3E2B9C99F500CF8410 /* AddAuthorScreen.swift */,
			);
			path = Author;
			sourceTree = "<group>";
		};
/* End PBXGroup section */

/* Begin PBXNativeTarget section */
		03B2ADD02B84CA4500BB3894 /* BookBucket */ = {
			isa = PBXNativeTarget;
			buildConfigurationList = 03B2ADE12B84CA4600BB3894 /* Build configuration list for PBXNativeTarget "BookBucket" */;
			buildPhases = (
				03B2ADCD2B84CA4500BB3894 /* Sources */,
				03B2ADCE2B84CA4500BB3894 /* Frameworks */,
				03B2ADCF2B84CA4500BB3894 /* Resources */,
			);
			buildRules = (
			);
			dependencies = (
			);
			name = BookBucket;
			productName = BookBucket;
			productReference = 03B2ADD12B84CA4500BB3894 /* BookBucket.app */;
			productType = "com.apple.product-type.application";
		};
/* End PBXNativeTarget section */

/* Begin PBXProject section */
		03B2ADC92B84CA4500BB3894 /* Project object */ = {
			isa = PBXProject;
			attributes = {
				BuildIndependentTargetsInParallel = 1;
				LastSwiftUpdateCheck = 1520;
				LastUpgradeCheck = 1520;
				TargetAttributes = {
					03B2ADD02B84CA4500BB3894 = {
						CreatedOnToolsVersion = 15.2;
					};
				};
			};
			buildConfigurationList = 03B2ADCC2B84CA4500BB3894 /* Build configuration list for PBXProject "BookBucket" */;
			compatibilityVersion = "Xcode 14.0";
			developmentRegion = en;
			hasScannedForEncodings = 0;
			knownRegions = (
				en,
				Base,
			);
			mainGroup = 03B2ADC82B84CA4500BB3894;
			productRefGroup = 03B2ADD22B84CA4500BB3894 /* Products */;
			projectDirPath = "";
			projectRoot = "";
			targets = (
				03B2ADD02B84CA4500BB3894 /* BookBucket */,
			);
		};
/* End PBXProject section */

/* Begin PBXResourcesBuildPhase section */
		03B2ADCF2B84CA4500BB3894 /* Resources */ = {
			isa = PBXResourcesBuildPhase;
			buildActionMask = 2147483647;
			files = (
				03B2ADDE2B84CA4600BB3894 /* Preview Assets.xcassets in Resources */,
				03B2ADDB2B84CA4600BB3894 /* Assets.xcassets in Resources */,
			);
			runOnlyForDeploymentPostprocessing = 0;
		};
/* End PBXResourcesBuildPhase section */

/* Begin PBXSourcesBuildPhase section */
		03B2ADCD2B84CA4500BB3894 /* Sources */ = {
			isa = PBXSourcesBuildPhase;
			buildActionMask = 2147483647;
			files = (
				03074C3F2B9C99F500CF8410 /* AddAuthorScreen.swift in Sources */,
				03074C322B9A32DD00CF8410 /* IconButton.swift in Sources */,
				03B2ADEA2B84CBC500BB3894 /* BookList.swift in Sources */,
				03074C4B2B9E13A400CF8410 /* GenresList.swift in Sources */,
				03074C362B9B331900CF8410 /* AuthorsList.swift in Sources */,
				03DBB33C2BAA93B90069286D /* AddBookScreen.swift in Sources */,
				03B2ADE92B84CBC500BB3894 /* Author.swift in Sources */,
				03074C2F2B99CB1C00CF8410 /* AuthorCell.swift in Sources */,
				03B2ADD72B84CA4500BB3894 /* ContentView.swift in Sources */,
				034A5E6C2BAA25E500D0B895 /* Sidebar.swift in Sources */,
				03074C512B9E6A4300CF8410 /* GenreSortOrderPicker.swift in Sources */,
				03074C472B9E10A800CF8410 /* EditGenreScreen.swift in Sources */,
				03B2ADEC2B84CBC500BB3894 /* Genre.swift in Sources */,
				03DBB3462BACE5B10069286D /* BookSortCriteria.swift in Sources */,
				034A5E6E2BAA485300D0B895 /* BookAuthorsPicker.swift in Sources */,
				03074C3D2B9B908600CF8410 /* AuthorSortCriteria.swift in Sources */,
				03DBB3482BACE90B0069286D /* BookSortOrderPicker.swift in Sources */,
				03074C3A2B9B8F3C00CF8410 /* AuthorSortOrderPicker.swift in Sources */,
				03074C452B9E108100CF8410 /* AddGenreScreen.swift in Sources */,
				03DBB33E2BAA9ABE0069286D /* BookFormatPicker.swift in Sources */,
				03074C4F2B9E67E700CF8410 /* GenreSortCriteria.swift in Sources */,
				03DBB3402BAB49B10069286D /* BookCoverImagePicker.swift in Sources */,
				03074C342B9A337800CF8410 /* EditAuthorScreen.swift in Sources */,
				03074C382B9B7F4800CF8410 /* AuthorsListScreen.swift in Sources */,
				03074C492B9E124E00CF8410 /* GenresListScreen.swift in Sources */,
				03B2ADEB2B84CBC500BB3894 /* Book.swift in Sources */,
				03074C4D2B9E5CF300CF8410 /* GenreCell.swift in Sources */,
				03DBB33A2BAA8FF40069286D /* BookGenresPicker.swift in Sources */,
				03B2ADD52B84CA4500BB3894 /* BookBucketApp.swift in Sources */,
				03DBB3422BABE0AB0069286D /* IntegerField.swift in Sources */,
				03DBB3442BACC2140069286D /* EditBookScreen.swift in Sources */,
			);
			runOnlyForDeploymentPostprocessing = 0;
		};
/* End PBXSourcesBuildPhase section */

/* Begin XCBuildConfiguration section */
		03B2ADDF2B84CA4600BB3894 /* Debug */ = {
			isa = XCBuildConfiguration;
			buildSettings = {
				ALWAYS_SEARCH_USER_PATHS = NO;
				ASSETCATALOG_COMPILER_GENERATE_SWIFT_ASSET_SYMBOL_EXTENSIONS = YES;
				CLANG_ANALYZER_NONNULL = YES;
				CLANG_ANALYZER_NUMBER_OBJECT_CONVERSION = YES_AGGRESSIVE;
				CLANG_CXX_LANGUAGE_STANDARD = "gnu++20";
				CLANG_ENABLE_MODULES = YES;
				CLANG_ENABLE_OBJC_ARC = YES;
				CLANG_ENABLE_OBJC_WEAK = YES;
				CLANG_WARN_BLOCK_CAPTURE_AUTORELEASING = YES;
				CLANG_WARN_BOOL_CONVERSION = YES;
				CLANG_WARN_COMMA = YES;
				CLANG_WARN_CONSTANT_CONVERSION = YES;
				CLANG_WARN_DEPRECATED_OBJC_IMPLEMENTATIONS = YES;
				CLANG_WARN_DIRECT_OBJC_ISA_USAGE = YES_ERROR;
				CLANG_WARN_DOCUMENTATION_COMMENTS = YES;
				CLANG_WARN_EMPTY_BODY = YES;
				CLANG_WARN_ENUM_CONVERSION = YES;
				CLANG_WARN_INFINITE_RECURSION = YES;
				CLANG_WARN_INT_CONVERSION = YES;
				CLANG_WARN_NON_LITERAL_NULL_CONVERSION = YES;
				CLANG_WARN_OBJC_IMPLICIT_RETAIN_SELF = YES;
				CLANG_WARN_OBJC_LITERAL_CONVERSION = YES;
				CLANG_WARN_OBJC_ROOT_CLASS = YES_ERROR;
				CLANG_WARN_QUOTED_INCLUDE_IN_FRAMEWORK_HEADER = YES;
				CLANG_WARN_RANGE_LOOP_ANALYSIS = YES;
				CLANG_WARN_STRICT_PROTOTYPES = YES;
				CLANG_WARN_SUSPICIOUS_MOVE = YES;
				CLANG_WARN_UNGUARDED_AVAILABILITY = YES_AGGRESSIVE;
				CLANG_WARN_UNREACHABLE_CODE = YES;
				CLANG_WARN__DUPLICATE_METHOD_MATCH = YES;
				COPY_PHASE_STRIP = NO;
				DEBUG_INFORMATION_FORMAT = dwarf;
				ENABLE_STRICT_OBJC_MSGSEND = YES;
				ENABLE_TESTABILITY = YES;
				ENABLE_USER_SCRIPT_SANDBOXING = YES;
				GCC_C_LANGUAGE_STANDARD = gnu17;
				GCC_DYNAMIC_NO_PIC = NO;
				GCC_NO_COMMON_BLOCKS = YES;
				GCC_OPTIMIZATION_LEVEL = 0;
				GCC_PREPROCESSOR_DEFINITIONS = (
					"DEBUG=1",
					"$(inherited)",
				);
				GCC_WARN_64_TO_32_BIT_CONVERSION = YES;
				GCC_WARN_ABOUT_RETURN_TYPE = YES_ERROR;
				GCC_WARN_UNDECLARED_SELECTOR = YES;
				GCC_WARN_UNINITIALIZED_AUTOS = YES_AGGRESSIVE;
				GCC_WARN_UNUSED_FUNCTION = YES;
				GCC_WARN_UNUSED_VARIABLE = YES;
				IPHONEOS_DEPLOYMENT_TARGET = 17.2;
				LOCALIZATION_PREFERS_STRING_CATALOGS = YES;
				MTL_ENABLE_DEBUG_INFO = INCLUDE_SOURCE;
				MTL_FAST_MATH = YES;
				ONLY_ACTIVE_ARCH = YES;
				SDKROOT = iphoneos;
				SWIFT_ACTIVE_COMPILATION_CONDITIONS = "DEBUG $(inherited)";
				SWIFT_OPTIMIZATION_LEVEL = "-Onone";
			};
			name = Debug;
		};
		03B2ADE02B84CA4600BB3894 /* Release */ = {
			isa = XCBuildConfiguration;
			buildSettings = {
				ALWAYS_SEARCH_USER_PATHS = NO;
				ASSETCATALOG_COMPILER_GENERATE_SWIFT_ASSET_SYMBOL_EXTENSIONS = YES;
				CLANG_ANALYZER_NONNULL = YES;
				CLANG_ANALYZER_NUMBER_OBJECT_CONVERSION = YES_AGGRESSIVE;
				CLANG_CXX_LANGUAGE_STANDARD = "gnu++20";
				CLANG_ENABLE_MODULES = YES;
				CLANG_ENABLE_OBJC_ARC = YES;
				CLANG_ENABLE_OBJC_WEAK = YES;
				CLANG_WARN_BLOCK_CAPTURE_AUTORELEASING = YES;
				CLANG_WARN_BOOL_CONVERSION = YES;
				CLANG_WARN_COMMA = YES;
				CLANG_WARN_CONSTANT_CONVERSION = YES;
				CLANG_WARN_DEPRECATED_OBJC_IMPLEMENTATIONS = YES;
				CLANG_WARN_DIRECT_OBJC_ISA_USAGE = YES_ERROR;
				CLANG_WARN_DOCUMENTATION_COMMENTS = YES;
				CLANG_WARN_EMPTY_BODY = YES;
				CLANG_WARN_ENUM_CONVERSION = YES;
				CLANG_WARN_INFINITE_RECURSION = YES;
				CLANG_WARN_INT_CONVERSION = YES;
				CLANG_WARN_NON_LITERAL_NULL_CONVERSION = YES;
				CLANG_WARN_OBJC_IMPLICIT_RETAIN_SELF = YES;
				CLANG_WARN_OBJC_LITERAL_CONVERSION = YES;
				CLANG_WARN_OBJC_ROOT_CLASS = YES_ERROR;
				CLANG_WARN_QUOTED_INCLUDE_IN_FRAMEWORK_HEADER = YES;
				CLANG_WARN_RANGE_LOOP_ANALYSIS = YES;
				CLANG_WARN_STRICT_PROTOTYPES = YES;
				CLANG_WARN_SUSPICIOUS_MOVE = YES;
				CLANG_WARN_UNGUARDED_AVAILABILITY = YES_AGGRESSIVE;
				CLANG_WARN_UNREACHABLE_CODE = YES;
				CLANG_WARN__DUPLICATE_METHOD_MATCH = YES;
				COPY_PHASE_STRIP = NO;
				DEBUG_INFORMATION_FORMAT = "dwarf-with-dsym";
				ENABLE_NS_ASSERTIONS = NO;
				ENABLE_STRICT_OBJC_MSGSEND = YES;
				ENABLE_USER_SCRIPT_SANDBOXING = YES;
				GCC_C_LANGUAGE_STANDARD = gnu17;
				GCC_NO_COMMON_BLOCKS = YES;
				GCC_WARN_64_TO_32_BIT_CONVERSION = YES;
				GCC_WARN_ABOUT_RETURN_TYPE = YES_ERROR;
				GCC_WARN_UNDECLARED_SELECTOR = YES;
				GCC_WARN_UNINITIALIZED_AUTOS = YES_AGGRESSIVE;
				GCC_WARN_UNUSED_FUNCTION = YES;
				GCC_WARN_UNUSED_VARIABLE = YES;
				IPHONEOS_DEPLOYMENT_TARGET = 17.2;
				LOCALIZATION_PREFERS_STRING_CATALOGS = YES;
				MTL_ENABLE_DEBUG_INFO = NO;
				MTL_FAST_MATH = YES;
				SDKROOT = iphoneos;
				SWIFT_COMPILATION_MODE = wholemodule;
				VALIDATE_PRODUCT = YES;
			};
			name = Release;
		};
		03B2ADE22B84CA4600BB3894 /* Debug */ = {
			isa = XCBuildConfiguration;
			buildSettings = {
				ASSETCATALOG_COMPILER_APPICON_NAME = AppIcon;
				ASSETCATALOG_COMPILER_GLOBAL_ACCENT_COLOR_NAME = AccentColor;
				CODE_SIGN_STYLE = Automatic;
				CURRENT_PROJECT_VERSION = 1;
				DEVELOPMENT_ASSET_PATHS = "\"BookBucket/Preview Content\"";
				DEVELOPMENT_TEAM = B3NH98QL9A;
				ENABLE_PREVIEWS = YES;
				GENERATE_INFOPLIST_FILE = YES;
				INFOPLIST_KEY_UIApplicationSceneManifest_Generation = YES;
				INFOPLIST_KEY_UIApplicationSupportsIndirectInputEvents = YES;
				INFOPLIST_KEY_UILaunchScreen_Generation = YES;
				INFOPLIST_KEY_UISupportedInterfaceOrientations_iPad = "UIInterfaceOrientationPortrait UIInterfaceOrientationPortraitUpsideDown UIInterfaceOrientationLandscapeLeft UIInterfaceOrientationLandscapeRight";
				INFOPLIST_KEY_UISupportedInterfaceOrientations_iPhone = "UIInterfaceOrientationPortrait UIInterfaceOrientationLandscapeLeft UIInterfaceOrientationLandscapeRight";
				LD_RUNPATH_SEARCH_PATHS = (
					"$(inherited)",
					"@executable_path/Frameworks",
				);
				MARKETING_VERSION = 1.0;
				PRODUCT_BUNDLE_IDENTIFIER = com.joshrootdev.BookBucket;
				PRODUCT_NAME = "$(TARGET_NAME)";
				SWIFT_EMIT_LOC_STRINGS = YES;
				SWIFT_VERSION = 5.0;
				TARGETED_DEVICE_FAMILY = "1,2";
			};
			name = Debug;
		};
		03B2ADE32B84CA4600BB3894 /* Release */ = {
			isa = XCBuildConfiguration;
			buildSettings = {
				ASSETCATALOG_COMPILER_APPICON_NAME = AppIcon;
				ASSETCATALOG_COMPILER_GLOBAL_ACCENT_COLOR_NAME = AccentColor;
				CODE_SIGN_STYLE = Automatic;
				CURRENT_PROJECT_VERSION = 1;
				DEVELOPMENT_ASSET_PATHS = "\"BookBucket/Preview Content\"";
				DEVELOPMENT_TEAM = B3NH98QL9A;
				ENABLE_PREVIEWS = YES;
				GENERATE_INFOPLIST_FILE = YES;
				INFOPLIST_KEY_UIApplicationSceneManifest_Generation = YES;
				INFOPLIST_KEY_UIApplicationSupportsIndirectInputEvents = YES;
				INFOPLIST_KEY_UILaunchScreen_Generation = YES;
				INFOPLIST_KEY_UISupportedInterfaceOrientations_iPad = "UIInterfaceOrientationPortrait UIInterfaceOrientationPortraitUpsideDown UIInterfaceOrientationLandscapeLeft UIInterfaceOrientationLandscapeRight";
				INFOPLIST_KEY_UISupportedInterfaceOrientations_iPhone = "UIInterfaceOrientationPortrait UIInterfaceOrientationLandscapeLeft UIInterfaceOrientationLandscapeRight";
				LD_RUNPATH_SEARCH_PATHS = (
					"$(inherited)",
					"@executable_path/Frameworks",
				);
				MARKETING_VERSION = 1.0;
				PRODUCT_BUNDLE_IDENTIFIER = com.joshrootdev.BookBucket;
				PRODUCT_NAME = "$(TARGET_NAME)";
				SWIFT_EMIT_LOC_STRINGS = YES;
				SWIFT_VERSION = 5.0;
				TARGETED_DEVICE_FAMILY = "1,2";
			};
			name = Release;
		};
/* End XCBuildConfiguration section */

/* Begin XCConfigurationList section */
		03B2ADCC2B84CA4500BB3894 /* Build configuration list for PBXProject "BookBucket" */ = {
			isa = XCConfigurationList;
			buildConfigurations = (
				03B2ADDF2B84CA4600BB3894 /* Debug */,
				03B2ADE02B84CA4600BB3894 /* Release */,
			);
			defaultConfigurationIsVisible = 0;
			defaultConfigurationName = Release;
		};
		03B2ADE12B84CA4600BB3894 /* Build configuration list for PBXNativeTarget "BookBucket" */ = {
			isa = XCConfigurationList;
			buildConfigurations = (
				03B2ADE22B84CA4600BB3894 /* Debug */,
				03B2ADE32B84CA4600BB3894 /* Release */,
			);
			defaultConfigurationIsVisible = 0;
			defaultConfigurationName = Release;
		};
/* End XCConfigurationList section */
	};
	rootObject = 03B2ADC92B84CA4500BB3894 /* Project object */;
}
